
Microsoft Visual Studio Solution File, Format Version 12.00
# Visual Studio Version 17
VisualStudioVersion = 17.9.34902.65
MinimumVisualStudioVersion = 10.0.40219.1
Project("{FAE04EC0-301F-11D3-BF4B-00C04F79EFBC}") = "Waher.Theme.Base", "Waher.Theme.Base.csproj", "{061C920E-BB80-4E62-8C79-10E6B4268015}"
EndProject
Global
	GlobalSection(SolutionConfigurationPlatforms) = preSolution
		Debug|Any CPU = Debug|Any CPU
		Release|Any CPU = Release|Any CPU
	EndGlobalSection
	GlobalSection(ProjectConfigurationPlatforms) = postSolution
		{061C920E-BB80-4E62-8C79-10E6B4268015}.Debug|Any CPU.ActiveCfg = Debug|Any CPU
		{061C920E-BB80-4E62-8C79-10E6B4268015}.Debug|Any CPU.Build.0 = Debug|Any CPU
		{061C920E-BB80-4E62-8C79-10E6B4268015}.Release|Any CPU.ActiveCfg = Release|Any CPU
		{061C920E-BB80-4E62-8C79-10E6B4268015}.Release|Any CPU.Build.0 = Release|Any CPU
	EndGlobalSection
	GlobalSection(SolutionProperties) = preSolution
		HideSolutionNode = FALSE
	EndGlobalSection
	GlobalSection(ExtensibilityGlobals) = postSolution
		SolutionGuid = {A0A8CD3F-8E2D-4CB7-BE49-E74613C69558}
	EndGlobalSection
EndGlobal
