
Microsoft Visual Studio Solution File, Format Version 12.00
# Visual Studio Version 17
VisualStudioVersion = 17.5.33530.505
MinimumVisualStudioVersion = 10.0.40219.1
Project("{9A19103F-16F7-4668-BE54-9A1E7A4F7556}") = "Waher.Content.Markdown", "Content\Waher.Content.Markdown\Waher.Content.Markdown.csproj", "{AFCBC61B-F30A-40D0-B757-02E25167C034}"
EndProject
Project("{9A19103F-16F7-4668-BE54-9A1E7A4F7556}") = "Waher.Content.Markdown.Test", "Content\Waher.Content.Markdown.Test\Waher.Content.Markdown.Test.csproj", "{5E445ED5-0019-4353-9826-811F179C1A67}"
EndProject
Project("{9A19103F-16F7-4668-BE54-9A1E7A4F7556}") = "Waher.Runtime.Text", "Runtime\Waher.Runtime.Text\Waher.Runtime.Text.csproj", "{23337C91-1B99-4A99-A9EB-81FB8D09D71B}"
EndProject
Project("{9A19103F-16F7-4668-BE54-9A1E7A4F7556}") = "Waher.Runtime.Text.Test", "Runtime\Waher.Runtime.Text.Test\Waher.Runtime.Text.Test.csproj", "{6D5A8206-8DD9-4FE8-918D-C738067DD95E}"
EndProject
Project("{9A19103F-16F7-4668-BE54-9A1E7A4F7556}") = "Waher.Content.Images", "Content\Waher.Content.Images\Waher.Content.Images.csproj", "{8F0DAF57-ED18-4723-B69D-F882E100ECB3}"
EndProject
Project("{9A19103F-16F7-4668-BE54-9A1E7A4F7556}") = "Waher.Content.Images.Test", "Content\Waher.Content.Images.Test\Waher.Content.Images.Test.csproj", "{9AEF05F5-79F7-4E8A-8271-6E5A83E63924}"
EndProject
Project("{9A19103F-16F7-4668-BE54-9A1E7A4F7556}") = "Waher.Content", "Content\Waher.Content\Waher.Content.csproj", "{F3A2E31E-2C96-43C8-9D0D-98F2660EBD02}"
EndProject
Project("{9A19103F-16F7-4668-BE54-9A1E7A4F7556}") = "Waher.Content.Html", "Content\Waher.Content.Html\Waher.Content.Html.csproj", "{1E9DE0E3-B30C-4441-9648-F65D8681ABAC}"
EndProject
Project("{9A19103F-16F7-4668-BE54-9A1E7A4F7556}") = "Waher.Content.Html.Test", "Content\Waher.Content.Html.Test\Waher.Content.Html.Test.csproj", "{82124198-81FB-4EED-8C3D-233B57F0A5B7}"
EndProject
Project("{9A19103F-16F7-4668-BE54-9A1E7A4F7556}") = "Waher.Content.QR", "Content\Waher.Content.QR\Waher.Content.QR.csproj", "{AC3CD9CA-6D34-40CF-804B-55746E4CA282}"
EndProject
Project("{9A19103F-16F7-4668-BE54-9A1E7A4F7556}") = "Waher.Content.QR.Test", "Content\Waher.Content.QR.Test\Waher.Content.QR.Test.csproj", "{9D7AC026-59AC-4C89-9CB4-BF8C5373DBC7}"
EndProject
Project("{9A19103F-16F7-4668-BE54-9A1E7A4F7556}") = "Waher.Content.Semantic", "Content\Waher.Content.Semantic\Waher.Content.Semantic.csproj", "{D37026E0-187A-44AF-BEA6-435277A53CF4}"
EndProject
Project("{9A19103F-16F7-4668-BE54-9A1E7A4F7556}") = "Waher.Runtime.Inventory", "Runtime\Waher.Runtime.Inventory\Waher.Runtime.Inventory.csproj", "{FD110B3B-DC5E-404C-B2D1-1A6BC7FC9E23}"
EndProject
Project("{9A19103F-16F7-4668-BE54-9A1E7A4F7556}") = "Waher.Content.Xml", "Content\Waher.Content.Xml\Waher.Content.Xml.csproj", "{DA84D31A-C3FF-4FFE-8440-5B0921C32043}"
EndProject
Project("{9A19103F-16F7-4668-BE54-9A1E7A4F7556}") = "Waher.Content.Semantic.Test", "Content\Waher.Content.Semantic.Test\Waher.Content.Semantic.Test.csproj", "{860EC75D-B529-4E3C-BFC5-ABA1335B3F1F}"
EndProject
Project("{9A19103F-16F7-4668-BE54-9A1E7A4F7556}") = "Waher.Persistence", "Persistence\Waher.Persistence\Waher.Persistence.csproj", "{F8D975CB-9A8F-4421-AFB1-5CE0F5804014}"
EndProject
Project("{9A19103F-16F7-4668-BE54-9A1E7A4F7556}") = "Waher.Script", "Script\Waher.Script\Waher.Script.csproj", "{C488B94C-E8A0-43AD-8F14-17C12245C295}"
EndProject
Project("{9A19103F-16F7-4668-BE54-9A1E7A4F7556}") = "Waher.Runtime.Cache", "Runtime\Waher.Runtime.Cache\Waher.Runtime.Cache.csproj", "{CA157051-0394-4936-9E4F-8F43B6E64328}"
EndProject
Project("{9A19103F-16F7-4668-BE54-9A1E7A4F7556}") = "Waher.Content.Rss", "Content\Waher.Content.Rss\Waher.Content.Rss.csproj", "{481D4D4C-44CA-4522-AE0A-F68163728DE7}"
EndProject
Project("{9A19103F-16F7-4668-BE54-9A1E7A4F7556}") = "Waher.Content.Rss.Test", "Content\Waher.Content.Rss.Test\Waher.Content.Rss.Test.csproj", "{BB843CA5-82E4-44A7-8283-161579C5CE7A}"
EndProject
Project("{9A19103F-16F7-4668-BE54-9A1E7A4F7556}") = "Waher.Content.Test", "Content\Waher.Content.Test\Waher.Content.Test.csproj", "{71859F40-5DFD-491F-B12F-2991B0142B21}"
EndProject
Global
	GlobalSection(SolutionConfigurationPlatforms) = preSolution
		Debug|Any CPU = Debug|Any CPU
		Release|Any CPU = Release|Any CPU
	EndGlobalSection
	GlobalSection(ProjectConfigurationPlatforms) = postSolution
		{AFCBC61B-F30A-40D0-B757-02E25167C034}.Debug|Any CPU.ActiveCfg = Debug|Any CPU
		{AFCBC61B-F30A-40D0-B757-02E25167C034}.Debug|Any CPU.Build.0 = Debug|Any CPU
		{AFCBC61B-F30A-40D0-B757-02E25167C034}.Release|Any CPU.ActiveCfg = Release|Any CPU
		{AFCBC61B-F30A-40D0-B757-02E25167C034}.Release|Any CPU.Build.0 = Release|Any CPU
		{5E445ED5-0019-4353-9826-811F179C1A67}.Debug|Any CPU.ActiveCfg = Debug|Any CPU
		{5E445ED5-0019-4353-9826-811F179C1A67}.Debug|Any CPU.Build.0 = Debug|Any CPU
		{5E445ED5-0019-4353-9826-811F179C1A67}.Release|Any CPU.ActiveCfg = Release|Any CPU
		{5E445ED5-0019-4353-9826-811F179C1A67}.Release|Any CPU.Build.0 = Release|Any CPU
		{23337C91-1B99-4A99-A9EB-81FB8D09D71B}.Debug|Any CPU.ActiveCfg = Debug|Any CPU
		{23337C91-1B99-4A99-A9EB-81FB8D09D71B}.Debug|Any CPU.Build.0 = Debug|Any CPU
		{23337C91-1B99-4A99-A9EB-81FB8D09D71B}.Release|Any CPU.ActiveCfg = Release|Any CPU
		{23337C91-1B99-4A99-A9EB-81FB8D09D71B}.Release|Any CPU.Build.0 = Release|Any CPU
		{6D5A8206-8DD9-4FE8-918D-C738067DD95E}.Debug|Any CPU.ActiveCfg = Debug|Any CPU
		{6D5A8206-8DD9-4FE8-918D-C738067DD95E}.Debug|Any CPU.Build.0 = Debug|Any CPU
		{6D5A8206-8DD9-4FE8-918D-C738067DD95E}.Release|Any CPU.ActiveCfg = Release|Any CPU
		{6D5A8206-8DD9-4FE8-918D-C738067DD95E}.Release|Any CPU.Build.0 = Release|Any CPU
		{8F0DAF57-ED18-4723-B69D-F882E100ECB3}.Debug|Any CPU.ActiveCfg = Debug|Any CPU
		{8F0DAF57-ED18-4723-B69D-F882E100ECB3}.Debug|Any CPU.Build.0 = Debug|Any CPU
		{8F0DAF57-ED18-4723-B69D-F882E100ECB3}.Release|Any CPU.ActiveCfg = Release|Any CPU
		{8F0DAF57-ED18-4723-B69D-F882E100ECB3}.Release|Any CPU.Build.0 = Release|Any CPU
		{9AEF05F5-79F7-4E8A-8271-6E5A83E63924}.Debug|Any CPU.ActiveCfg = Debug|Any CPU
		{9AEF05F5-79F7-4E8A-8271-6E5A83E63924}.Debug|Any CPU.Build.0 = Debug|Any CPU
		{9AEF05F5-79F7-4E8A-8271-6E5A83E63924}.Release|Any CPU.ActiveCfg = Release|Any CPU
		{9AEF05F5-79F7-4E8A-8271-6E5A83E63924}.Release|Any CPU.Build.0 = Release|Any CPU
		{F3A2E31E-2C96-43C8-9D0D-98F2660EBD02}.Debug|Any CPU.ActiveCfg = Debug|Any CPU
		{F3A2E31E-2C96-43C8-9D0D-98F2660EBD02}.Debug|Any CPU.Build.0 = Debug|Any CPU
		{F3A2E31E-2C96-43C8-9D0D-98F2660EBD02}.Release|Any CPU.ActiveCfg = Release|Any CPU
		{F3A2E31E-2C96-43C8-9D0D-98F2660EBD02}.Release|Any CPU.Build.0 = Release|Any CPU
		{1E9DE0E3-B30C-4441-9648-F65D8681ABAC}.Debug|Any CPU.ActiveCfg = Debug|Any CPU
		{1E9DE0E3-B30C-4441-9648-F65D8681ABAC}.Debug|Any CPU.Build.0 = Debug|Any CPU
		{1E9DE0E3-B30C-4441-9648-F65D8681ABAC}.Release|Any CPU.ActiveCfg = Release|Any CPU
		{1E9DE0E3-B30C-4441-9648-F65D8681ABAC}.Release|Any CPU.Build.0 = Release|Any CPU
		{82124198-81FB-4EED-8C3D-233B57F0A5B7}.Debug|Any CPU.ActiveCfg = Debug|Any CPU
		{82124198-81FB-4EED-8C3D-233B57F0A5B7}.Debug|Any CPU.Build.0 = Debug|Any CPU
		{82124198-81FB-4EED-8C3D-233B57F0A5B7}.Release|Any CPU.ActiveCfg = Release|Any CPU
		{82124198-81FB-4EED-8C3D-233B57F0A5B7}.Release|Any CPU.Build.0 = Release|Any CPU
		{AC3CD9CA-6D34-40CF-804B-55746E4CA282}.Debug|Any CPU.ActiveCfg = Debug|Any CPU
		{AC3CD9CA-6D34-40CF-804B-55746E4CA282}.Debug|Any CPU.Build.0 = Debug|Any CPU
		{AC3CD9CA-6D34-40CF-804B-55746E4CA282}.Release|Any CPU.ActiveCfg = Release|Any CPU
		{AC3CD9CA-6D34-40CF-804B-55746E4CA282}.Release|Any CPU.Build.0 = Release|Any CPU
		{9D7AC026-59AC-4C89-9CB4-BF8C5373DBC7}.Debug|Any CPU.ActiveCfg = Debug|Any CPU
		{9D7AC026-59AC-4C89-9CB4-BF8C5373DBC7}.Debug|Any CPU.Build.0 = Debug|Any CPU
		{9D7AC026-59AC-4C89-9CB4-BF8C5373DBC7}.Release|Any CPU.ActiveCfg = Release|Any CPU
		{9D7AC026-59AC-4C89-9CB4-BF8C5373DBC7}.Release|Any CPU.Build.0 = Release|Any CPU
		{D37026E0-187A-44AF-BEA6-435277A53CF4}.Debug|Any CPU.ActiveCfg = Debug|Any CPU
		{D37026E0-187A-44AF-BEA6-435277A53CF4}.Debug|Any CPU.Build.0 = Debug|Any CPU
		{D37026E0-187A-44AF-BEA6-435277A53CF4}.Release|Any CPU.ActiveCfg = Release|Any CPU
		{D37026E0-187A-44AF-BEA6-435277A53CF4}.Release|Any CPU.Build.0 = Release|Any CPU
		{FD110B3B-DC5E-404C-B2D1-1A6BC7FC9E23}.Debug|Any CPU.ActiveCfg = Debug|Any CPU
		{FD110B3B-DC5E-404C-B2D1-1A6BC7FC9E23}.Debug|Any CPU.Build.0 = Debug|Any CPU
		{FD110B3B-DC5E-404C-B2D1-1A6BC7FC9E23}.Release|Any CPU.ActiveCfg = Release|Any CPU
		{FD110B3B-DC5E-404C-B2D1-1A6BC7FC9E23}.Release|Any CPU.Build.0 = Release|Any CPU
		{DA84D31A-C3FF-4FFE-8440-5B0921C32043}.Debug|Any CPU.ActiveCfg = Debug|Any CPU
		{DA84D31A-C3FF-4FFE-8440-5B0921C32043}.Debug|Any CPU.Build.0 = Debug|Any CPU
		{DA84D31A-C3FF-4FFE-8440-5B0921C32043}.Release|Any CPU.ActiveCfg = Release|Any CPU
		{DA84D31A-C3FF-4FFE-8440-5B0921C32043}.Release|Any CPU.Build.0 = Release|Any CPU
		{860EC75D-B529-4E3C-BFC5-ABA1335B3F1F}.Debug|Any CPU.ActiveCfg = Debug|Any CPU
		{860EC75D-B529-4E3C-BFC5-ABA1335B3F1F}.Debug|Any CPU.Build.0 = Debug|Any CPU
		{860EC75D-B529-4E3C-BFC5-ABA1335B3F1F}.Release|Any CPU.ActiveCfg = Release|Any CPU
		{860EC75D-B529-4E3C-BFC5-ABA1335B3F1F}.Release|Any CPU.Build.0 = Release|Any CPU
		{F8D975CB-9A8F-4421-AFB1-5CE0F5804014}.Debug|Any CPU.ActiveCfg = Debug|Any CPU
		{F8D975CB-9A8F-4421-AFB1-5CE0F5804014}.Debug|Any CPU.Build.0 = Debug|Any CPU
		{F8D975CB-9A8F-4421-AFB1-5CE0F5804014}.Release|Any CPU.ActiveCfg = Release|Any CPU
		{F8D975CB-9A8F-4421-AFB1-5CE0F5804014}.Release|Any CPU.Build.0 = Release|Any CPU
		{C488B94C-E8A0-43AD-8F14-17C12245C295}.Debug|Any CPU.ActiveCfg = Debug|Any CPU
		{C488B94C-E8A0-43AD-8F14-17C12245C295}.Debug|Any CPU.Build.0 = Debug|Any CPU
		{C488B94C-E8A0-43AD-8F14-17C12245C295}.Release|Any CPU.ActiveCfg = Release|Any CPU
		{C488B94C-E8A0-43AD-8F14-17C12245C295}.Release|Any CPU.Build.0 = Release|Any CPU
		{CA157051-0394-4936-9E4F-8F43B6E64328}.Debug|Any CPU.ActiveCfg = Debug|Any CPU
		{CA157051-0394-4936-9E4F-8F43B6E64328}.Debug|Any CPU.Build.0 = Debug|Any CPU
		{CA157051-0394-4936-9E4F-8F43B6E64328}.Release|Any CPU.ActiveCfg = Release|Any CPU
		{CA157051-0394-4936-9E4F-8F43B6E64328}.Release|Any CPU.Build.0 = Release|Any CPU
		{481D4D4C-44CA-4522-AE0A-F68163728DE7}.Debug|Any CPU.ActiveCfg = Debug|Any CPU
		{481D4D4C-44CA-4522-AE0A-F68163728DE7}.Debug|Any CPU.Build.0 = Debug|Any CPU
		{481D4D4C-44CA-4522-AE0A-F68163728DE7}.Release|Any CPU.ActiveCfg = Release|Any CPU
		{481D4D4C-44CA-4522-AE0A-F68163728DE7}.Release|Any CPU.Build.0 = Release|Any CPU
		{BB843CA5-82E4-44A7-8283-161579C5CE7A}.Debug|Any CPU.ActiveCfg = Debug|Any CPU
		{BB843CA5-82E4-44A7-8283-161579C5CE7A}.Debug|Any CPU.Build.0 = Debug|Any CPU
		{BB843CA5-82E4-44A7-8283-161579C5CE7A}.Release|Any CPU.ActiveCfg = Release|Any CPU
		{BB843CA5-82E4-44A7-8283-161579C5CE7A}.Release|Any CPU.Build.0 = Release|Any CPU
		{71859F40-5DFD-491F-B12F-2991B0142B21}.Debug|Any CPU.ActiveCfg = Debug|Any CPU
		{71859F40-5DFD-491F-B12F-2991B0142B21}.Debug|Any CPU.Build.0 = Debug|Any CPU
		{71859F40-5DFD-491F-B12F-2991B0142B21}.Release|Any CPU.ActiveCfg = Release|Any CPU
		{71859F40-5DFD-491F-B12F-2991B0142B21}.Release|Any CPU.Build.0 = Release|Any CPU
	EndGlobalSection
	GlobalSection(SolutionProperties) = preSolution
		HideSolutionNode = FALSE
	EndGlobalSection
	GlobalSection(ExtensibilityGlobals) = postSolution
		SolutionGuid = {E568556C-C46E-488F-AB06-30CEA1786914}
	EndGlobalSection
EndGlobal
