
Microsoft Visual Studio Solution File, Format Version 12.00
# Visual Studio Version 17
VisualStudioVersion = 17.11.35222.181
MinimumVisualStudioVersion = 10.0.40219.1
Project("{FAE04EC0-301F-11D3-BF4B-00C04F79EFBC}") = "Waher.Networking.HTTP", "Networking\Waher.Networking.HTTP\Waher.Networking.HTTP.csproj", "{541672B7-E0BD-45A5-8603-D87C66008BB6}"
EndProject
Project("{FAE04EC0-301F-11D3-BF4B-00C04F79EFBC}") = "Waher.Networking.HTTP.Brotli", "Networking\Waher.Networking.HTTP.Brotli\Waher.Networking.HTTP.Brotli.csproj", "{A4C072CA-815A-4749-9B6B-F6F7303E6B94}"
EndProject
Project("{FAE04EC0-301F-11D3-BF4B-00C04F79EFBC}") = "Waher.Networking.HTTP.Test", "Networking\Waher.Networking.HTTP.Test\Waher.Networking.HTTP.Test.csproj", "{67A769C9-E09A-4DB8-B5A7-C5D9EC48F608}"
EndProject
Project("{FAE04EC0-301F-11D3-BF4B-00C04F79EFBC}") = "Waher.Networking.HTTP.TestServer", "Networking\Waher.Networking.HTTP.TestServer\Waher.Networking.HTTP.TestServer.csproj", "{FFE69A27-BE38-42E4-AAC7-3A00D1C5FA05}"
EndProject
Project("{FAE04EC0-301F-11D3-BF4B-00C04F79EFBC}") = "Waher.Content.Markdown", "Content\Waher.Content.Markdown\Waher.Content.Markdown.csproj", "{001D2629-E970-4B3D-B046-860203CAA447}"
EndProject
Project("{FAE04EC0-301F-11D3-BF4B-00C04F79EFBC}") = "Waher.Content.Markdown.Web", "Content\Waher.Content.Markdown.Web\Waher.Content.Markdown.Web.csproj", "{72F260A4-A731-48C8-8B97-14376F514B32}"
EndProject
Project("{FAE04EC0-301F-11D3-BF4B-00C04F79EFBC}") = "Waher.Content", "Content\Waher.Content\Waher.Content.csproj", "{7F1DBF5C-AD2F-4577-A78C-71340EBCA9C1}"
EndProject
Project("{FAE04EC0-301F-11D3-BF4B-00C04F79EFBC}") = "Waher.Runtime.Profiling", "Runtime\Waher.Runtime.Profiling\Waher.Runtime.Profiling.csproj", "{A74EF9F9-5E9A-46BA-A032-18441F7E2348}"
EndProject
Project("{FAE04EC0-301F-11D3-BF4B-00C04F79EFBC}") = "Waher.Networking", "Networking\Waher.Networking\Waher.Networking.csproj", "{5453D688-5EA8-41B0-A39A-9F6CFED367AE}"
EndProject
Project("{FAE04EC0-301F-11D3-BF4B-00C04F79EFBC}") = "Waher.Runtime.Queue", "Runtime\Waher.Runtime.Queue\Waher.Runtime.Queue.csproj", "{81E4D52D-4C5F-4FE1-866F-1EC73314F780}"
EndProject
Project("{FAE04EC0-301F-11D3-BF4B-00C04F79EFBC}") = "Waher.Events", "Events\Waher.Events\Waher.Events.csproj", "{8FB83AC6-476A-42F8-93C3-F31CFB269778}"
EndProject
Project("{FAE04EC0-301F-11D3-BF4B-00C04F79EFBC}") = "Waher.Events.Console", "Events\Waher.Events.Console\Waher.Events.Console.csproj", "{3DCD9D46-D6CE-4277-B513-585D54113649}"
EndProject
Project("{FAE04EC0-301F-11D3-BF4B-00C04F79EFBC}") = "Waher.Security.WAF", "Security\Waher.Security.WAF\Waher.Security.WAF.csproj", "{8B52F0F6-C75E-6A0E-A4E8-A55DC6A07D93}"
EndProject
Project("{FAE04EC0-301F-11D3-BF4B-00C04F79EFBC}") = "Waher.Security.WAF.Test", "Security\Waher.Security.WAF.Test\Waher.Security.WAF.Test.csproj", "{ECFC276F-4CDB-4654-4E15-CF2AFCCB9F65}"
EndProject
Project("{FAE04EC0-301F-11D3-BF4B-00C04F79EFBC}") = "Waher.Content.Xml", "Content\Waher.Content.Xml\Waher.Content.Xml.csproj", "{30234736-574D-4E57-0222-946BC96BDEE1}"
EndProject
Project("{FAE04EC0-301F-11D3-BF4B-00C04F79EFBC}") = "Waher.Persistence", "Persistence\Waher.Persistence\Waher.Persistence.csproj", "{39322023-BF15-1F0C-F764-234C83E45984}"
EndProject
Project("{FAE04EC0-301F-11D3-BF4B-00C04F79EFBC}") = "Waher.Persistence.Files", "Persistence\Waher.Persistence.Files\Waher.Persistence.Files.csproj", "{F3A0F3DD-8F10-4D14-ED58-905F021AA875}"
EndProject
Global
	GlobalSection(SolutionConfigurationPlatforms) = preSolution
		Debug|Any CPU = Debug|Any CPU
		Release|Any CPU = Release|Any CPU
	EndGlobalSection
	GlobalSection(ProjectConfigurationPlatforms) = postSolution
		{541672B7-E0BD-45A5-8603-D87C66008BB6}.Debug|Any CPU.ActiveCfg = Debug|Any CPU
		{541672B7-E0BD-45A5-8603-D87C66008BB6}.Debug|Any CPU.Build.0 = Debug|Any CPU
		{541672B7-E0BD-45A5-8603-D87C66008BB6}.Release|Any CPU.ActiveCfg = Release|Any CPU
		{541672B7-E0BD-45A5-8603-D87C66008BB6}.Release|Any CPU.Build.0 = Release|Any CPU
		{A4C072CA-815A-4749-9B6B-F6F7303E6B94}.Debug|Any CPU.ActiveCfg = Debug|Any CPU
		{A4C072CA-815A-4749-9B6B-F6F7303E6B94}.Debug|Any CPU.Build.0 = Debug|Any CPU
		{A4C072CA-815A-4749-9B6B-F6F7303E6B94}.Release|Any CPU.ActiveCfg = Release|Any CPU
		{A4C072CA-815A-4749-9B6B-F6F7303E6B94}.Release|Any CPU.Build.0 = Release|Any CPU
		{67A769C9-E09A-4DB8-B5A7-C5D9EC48F608}.Debug|Any CPU.ActiveCfg = Debug|Any CPU
		{67A769C9-E09A-4DB8-B5A7-C5D9EC48F608}.Debug|Any CPU.Build.0 = Debug|Any CPU
		{67A769C9-E09A-4DB8-B5A7-C5D9EC48F608}.Release|Any CPU.ActiveCfg = Release|Any CPU
		{67A769C9-E09A-4DB8-B5A7-C5D9EC48F608}.Release|Any CPU.Build.0 = Release|Any CPU
		{FFE69A27-BE38-42E4-AAC7-3A00D1C5FA05}.Debug|Any CPU.ActiveCfg = Debug|Any CPU
		{FFE69A27-BE38-42E4-AAC7-3A00D1C5FA05}.Debug|Any CPU.Build.0 = Debug|Any CPU
		{FFE69A27-BE38-42E4-AAC7-3A00D1C5FA05}.Release|Any CPU.ActiveCfg = Release|Any CPU
		{FFE69A27-BE38-42E4-AAC7-3A00D1C5FA05}.Release|Any CPU.Build.0 = Release|Any CPU
		{001D2629-E970-4B3D-B046-860203CAA447}.Debug|Any CPU.ActiveCfg = Debug|Any CPU
		{001D2629-E970-4B3D-B046-860203CAA447}.Debug|Any CPU.Build.0 = Debug|Any CPU
		{001D2629-E970-4B3D-B046-860203CAA447}.Release|Any CPU.ActiveCfg = Release|Any CPU
		{001D2629-E970-4B3D-B046-860203CAA447}.Release|Any CPU.Build.0 = Release|Any CPU
		{72F260A4-A731-48C8-8B97-14376F514B32}.Debug|Any CPU.ActiveCfg = Debug|Any CPU
		{72F260A4-A731-48C8-8B97-14376F514B32}.Debug|Any CPU.Build.0 = Debug|Any CPU
		{72F260A4-A731-48C8-8B97-14376F514B32}.Release|Any CPU.ActiveCfg = Release|Any CPU
		{72F260A4-A731-48C8-8B97-14376F514B32}.Release|Any CPU.Build.0 = Release|Any CPU
		{7F1DBF5C-AD2F-4577-A78C-71340EBCA9C1}.Debug|Any CPU.ActiveCfg = Debug|Any CPU
		{7F1DBF5C-AD2F-4577-A78C-71340EBCA9C1}.Debug|Any CPU.Build.0 = Debug|Any CPU
		{7F1DBF5C-AD2F-4577-A78C-71340EBCA9C1}.Release|Any CPU.ActiveCfg = Release|Any CPU
		{7F1DBF5C-AD2F-4577-A78C-71340EBCA9C1}.Release|Any CPU.Build.0 = Release|Any CPU
		{A74EF9F9-5E9A-46BA-A032-18441F7E2348}.Debug|Any CPU.ActiveCfg = Debug|Any CPU
		{A74EF9F9-5E9A-46BA-A032-18441F7E2348}.Debug|Any CPU.Build.0 = Debug|Any CPU
		{A74EF9F9-5E9A-46BA-A032-18441F7E2348}.Release|Any CPU.ActiveCfg = Release|Any CPU
		{A74EF9F9-5E9A-46BA-A032-18441F7E2348}.Release|Any CPU.Build.0 = Release|Any CPU
		{5453D688-5EA8-41B0-A39A-9F6CFED367AE}.Debug|Any CPU.ActiveCfg = Debug|Any CPU
		{5453D688-5EA8-41B0-A39A-9F6CFED367AE}.Debug|Any CPU.Build.0 = Debug|Any CPU
		{5453D688-5EA8-41B0-A39A-9F6CFED367AE}.Release|Any CPU.ActiveCfg = Release|Any CPU
		{5453D688-5EA8-41B0-A39A-9F6CFED367AE}.Release|Any CPU.Build.0 = Release|Any CPU
		{81E4D52D-4C5F-4FE1-866F-1EC73314F780}.Debug|Any CPU.ActiveCfg = Debug|Any CPU
		{81E4D52D-4C5F-4FE1-866F-1EC73314F780}.Debug|Any CPU.Build.0 = Debug|Any CPU
		{81E4D52D-4C5F-4FE1-866F-1EC73314F780}.Release|Any CPU.ActiveCfg = Release|Any CPU
		{81E4D52D-4C5F-4FE1-866F-1EC73314F780}.Release|Any CPU.Build.0 = Release|Any CPU
		{8FB83AC6-476A-42F8-93C3-F31CFB269778}.Debug|Any CPU.ActiveCfg = Debug|Any CPU
		{8FB83AC6-476A-42F8-93C3-F31CFB269778}.Debug|Any CPU.Build.0 = Debug|Any CPU
		{8FB83AC6-476A-42F8-93C3-F31CFB269778}.Release|Any CPU.ActiveCfg = Release|Any CPU
		{8FB83AC6-476A-42F8-93C3-F31CFB269778}.Release|Any CPU.Build.0 = Release|Any CPU
		{3DCD9D46-D6CE-4277-B513-585D54113649}.Debug|Any CPU.ActiveCfg = Debug|Any CPU
		{3DCD9D46-D6CE-4277-B513-585D54113649}.Debug|Any CPU.Build.0 = Debug|Any CPU
		{3DCD9D46-D6CE-4277-B513-585D54113649}.Release|Any CPU.ActiveCfg = Release|Any CPU
		{3DCD9D46-D6CE-4277-B513-585D54113649}.Release|Any CPU.Build.0 = Release|Any CPU
		{8B52F0F6-C75E-6A0E-A4E8-A55DC6A07D93}.Debug|Any CPU.ActiveCfg = Debug|Any CPU
		{8B52F0F6-C75E-6A0E-A4E8-A55DC6A07D93}.Debug|Any CPU.Build.0 = Debug|Any CPU
		{8B52F0F6-C75E-6A0E-A4E8-A55DC6A07D93}.Release|Any CPU.ActiveCfg = Release|Any CPU
		{8B52F0F6-C75E-6A0E-A4E8-A55DC6A07D93}.Release|Any CPU.Build.0 = Release|Any CPU
		{ECFC276F-4CDB-4654-4E15-CF2AFCCB9F65}.Debug|Any CPU.ActiveCfg = Debug|Any CPU
		{ECFC276F-4CDB-4654-4E15-CF2AFCCB9F65}.Debug|Any CPU.Build.0 = Debug|Any CPU
		{ECFC276F-4CDB-4654-4E15-CF2AFCCB9F65}.Release|Any CPU.ActiveCfg = Release|Any CPU
		{ECFC276F-4CDB-4654-4E15-CF2AFCCB9F65}.Release|Any CPU.Build.0 = Release|Any CPU
		{30234736-574D-4E57-0222-946BC96BDEE1}.Debug|Any CPU.ActiveCfg = Debug|Any CPU
		{30234736-574D-4E57-0222-946BC96BDEE1}.Debug|Any CPU.Build.0 = Debug|Any CPU
		{30234736-574D-4E57-0222-946BC96BDEE1}.Release|Any CPU.ActiveCfg = Release|Any CPU
		{30234736-574D-4E57-0222-946BC96BDEE1}.Release|Any CPU.Build.0 = Release|Any CPU
		{39322023-BF15-1F0C-F764-234C83E45984}.Debug|Any CPU.ActiveCfg = Debug|Any CPU
		{39322023-BF15-1F0C-F764-234C83E45984}.Debug|Any CPU.Build.0 = Debug|Any CPU
		{39322023-BF15-1F0C-F764-234C83E45984}.Release|Any CPU.ActiveCfg = Release|Any CPU
		{39322023-BF15-1F0C-F764-234C83E45984}.Release|Any CPU.Build.0 = Release|Any CPU
		{F3A0F3DD-8F10-4D14-ED58-905F021AA875}.Debug|Any CPU.ActiveCfg = Debug|Any CPU
		{F3A0F3DD-8F10-4D14-ED58-905F021AA875}.Debug|Any CPU.Build.0 = Debug|Any CPU
		{F3A0F3DD-8F10-4D14-ED58-905F021AA875}.Release|Any CPU.ActiveCfg = Release|Any CPU
		{F3A0F3DD-8F10-4D14-ED58-905F021AA875}.Release|Any CPU.Build.0 = Release|Any CPU
	EndGlobalSection
	GlobalSection(SolutionProperties) = preSolution
		HideSolutionNode = FALSE
	EndGlobalSection
	GlobalSection(ExtensibilityGlobals) = postSolution
		SolutionGuid = {4A6F554A-711F-4815-B933-7A0E4EDDA1AA}
	EndGlobalSection
EndGlobal
