
Microsoft Visual Studio Solution File, Format Version 11.00
# Visual Studio 2010
Project("{FAE04EC0-301F-11D3-BF4B-00C04F79EFBC}") = "Waher.Networking.MQTT", "Waher.Networking.MQTT\Waher.Networking.MQTT.csproj", "{87219C0E-5FC0-41BA-9DD5-BAF5CA071A62}"
EndProject
Project("{FAE04EC0-301F-11D3-BF4B-00C04F79EFBC}") = "Waher.Networking.UPnP", "Waher.Networking.UPnP\Waher.Networking.UPnP.csproj", "{1A56BCF5-74AA-475C-8235-30783D7C4A76}"
EndProject
Project("{FAE04EC0-301F-11D3-BF4B-00C04F79EFBC}") = "Waher.Networking.PeerToPeer", "Waher.Networking.PeerToPeer\Waher.Networking.PeerToPeer.csproj", "{5DBE28DE-BB5D-476A-8F41-041503528FE1}"
EndProject
Project("{FAE04EC0-301F-11D3-BF4B-00C04F79EFBC}") = "Waher.Networking.XMPP", "Waher.Networking.XMPP\Waher.Networking.XMPP.csproj", "{40F992BF-DE42-43C4-A1FE-C2B84A6BA4BB}"
EndProject
Project("{FAE04EC0-301F-11D3-BF4B-00C04F79EFBC}") = "Waher.Networking.XMPP.Test", "Waher.Networking.XMPP.Test\Waher.Networking.XMPP.Test.csproj", "{B6FFF5EC-D208-48BB-9B53-99B7418F7D17}"
EndProject
Project("{FAE04EC0-301F-11D3-BF4B-00C04F79EFBC}") = "Waher.Networking", "Waher.Networking\Waher.Networking.csproj", "{297F40EF-37FA-4208-8DB4-C2971AF2B313}"
EndProject
Project("{FAE04EC0-301F-11D3-BF4B-00C04F79EFBC}") = "Waher.Events", "Waher.Events\Waher.Events.csproj", "{A8EB7717-F5DE-419A-BB10-D213BC6FA654}"
EndProject
Project("{FAE04EC0-301F-11D3-BF4B-00C04F79EFBC}") = "Waher.Events.Console", "Waher.Events.Console\Waher.Events.Console.csproj", "{2598AAA5-67A3-4952-B104-AB96BD0D5C0D}"
EndProject
Project("{FAE04EC0-301F-11D3-BF4B-00C04F79EFBC}") = "Waher.Events.Documentation", "Waher.Events.Documentation\Waher.Events.Documentation.csproj", "{472A71E6-C7E4-4556-9ABA-189EE345E9E8}"
EndProject
Project("{FAE04EC0-301F-11D3-BF4B-00C04F79EFBC}") = "Waher.Events.XMPP", "Waher.Events.XMPP\Waher.Events.XMPP.csproj", "{F648F504-2515-4700-8B2F-64C3931ED954}"
EndProject
Project("{FAE04EC0-301F-11D3-BF4B-00C04F79EFBC}") = "Waher.Networking.XMPP.Sensor", "Waher.Networking.XMPP.Sensor\Waher.Networking.XMPP.Sensor.csproj", "{666B77A2-5BF1-419C-BFF2-C5F6B5CB95F6}"
EndProject
Project("{FAE04EC0-301F-11D3-BF4B-00C04F79EFBC}") = "Waher.Things", "Waher.Things\Waher.Things.csproj", "{714B8894-F2F0-47D8-9B28-CD3B1E8D427A}"
EndProject
Project("{FAE04EC0-301F-11D3-BF4B-00C04F79EFBC}") = "Waher.Mock.Temperature", "Waher.Mock.Temperature\Waher.Mock.Temperature.csproj", "{65E396D7-23B0-4E84-8553-BB517DB9245C}"
EndProject
Project("{FAE04EC0-301F-11D3-BF4B-00C04F79EFBC}") = "Waher.Mock", "Waher.Mock\Waher.Mock.csproj", "{19F826FF-DBA3-4490-AE04-2D08959EFBA4}"
EndProject
Global
	GlobalSection(SolutionConfigurationPlatforms) = preSolution
		Debug|Any CPU = Debug|Any CPU
		Debug|Mixed Platforms = Debug|Mixed Platforms
		Debug|x86 = Debug|x86
		Release|Any CPU = Release|Any CPU
		Release|Mixed Platforms = Release|Mixed Platforms
		Release|x86 = Release|x86
	EndGlobalSection
	GlobalSection(ProjectConfigurationPlatforms) = postSolution
		{87219C0E-5FC0-41BA-9DD5-BAF5CA071A62}.Debug|Any CPU.ActiveCfg = Debug|Any CPU
		{87219C0E-5FC0-41BA-9DD5-BAF5CA071A62}.Debug|Any CPU.Build.0 = Debug|Any CPU
		{87219C0E-5FC0-41BA-9DD5-BAF5CA071A62}.Debug|Mixed Platforms.ActiveCfg = Debug|Any CPU
		{87219C0E-5FC0-41BA-9DD5-BAF5CA071A62}.Debug|Mixed Platforms.Build.0 = Debug|Any CPU
		{87219C0E-5FC0-41BA-9DD5-BAF5CA071A62}.Debug|x86.ActiveCfg = Debug|Any CPU
		{87219C0E-5FC0-41BA-9DD5-BAF5CA071A62}.Release|Any CPU.ActiveCfg = Release|Any CPU
		{87219C0E-5FC0-41BA-9DD5-BAF5CA071A62}.Release|Any CPU.Build.0 = Release|Any CPU
		{87219C0E-5FC0-41BA-9DD5-BAF5CA071A62}.Release|Mixed Platforms.ActiveCfg = Release|Any CPU
		{87219C0E-5FC0-41BA-9DD5-BAF5CA071A62}.Release|Mixed Platforms.Build.0 = Release|Any CPU
		{87219C0E-5FC0-41BA-9DD5-BAF5CA071A62}.Release|x86.ActiveCfg = Release|Any CPU
		{1A56BCF5-74AA-475C-8235-30783D7C4A76}.Debug|Any CPU.ActiveCfg = Debug|Any CPU
		{1A56BCF5-74AA-475C-8235-30783D7C4A76}.Debug|Any CPU.Build.0 = Debug|Any CPU
		{1A56BCF5-74AA-475C-8235-30783D7C4A76}.Debug|Mixed Platforms.ActiveCfg = Debug|Any CPU
		{1A56BCF5-74AA-475C-8235-30783D7C4A76}.Debug|Mixed Platforms.Build.0 = Debug|Any CPU
		{1A56BCF5-74AA-475C-8235-30783D7C4A76}.Debug|x86.ActiveCfg = Debug|Any CPU
		{1A56BCF5-74AA-475C-8235-30783D7C4A76}.Release|Any CPU.ActiveCfg = Release|Any CPU
		{1A56BCF5-74AA-475C-8235-30783D7C4A76}.Release|Any CPU.Build.0 = Release|Any CPU
		{1A56BCF5-74AA-475C-8235-30783D7C4A76}.Release|Mixed Platforms.ActiveCfg = Release|Any CPU
		{1A56BCF5-74AA-475C-8235-30783D7C4A76}.Release|Mixed Platforms.Build.0 = Release|Any CPU
		{1A56BCF5-74AA-475C-8235-30783D7C4A76}.Release|x86.ActiveCfg = Release|Any CPU
		{5DBE28DE-BB5D-476A-8F41-041503528FE1}.Debug|Any CPU.ActiveCfg = Debug|Any CPU
		{5DBE28DE-BB5D-476A-8F41-041503528FE1}.Debug|Any CPU.Build.0 = Debug|Any CPU
		{5DBE28DE-BB5D-476A-8F41-041503528FE1}.Debug|Mixed Platforms.ActiveCfg = Debug|Any CPU
		{5DBE28DE-BB5D-476A-8F41-041503528FE1}.Debug|Mixed Platforms.Build.0 = Debug|Any CPU
		{5DBE28DE-BB5D-476A-8F41-041503528FE1}.Debug|x86.ActiveCfg = Debug|Any CPU
		{5DBE28DE-BB5D-476A-8F41-041503528FE1}.Release|Any CPU.ActiveCfg = Release|Any CPU
		{5DBE28DE-BB5D-476A-8F41-041503528FE1}.Release|Any CPU.Build.0 = Release|Any CPU
		{5DBE28DE-BB5D-476A-8F41-041503528FE1}.Release|Mixed Platforms.ActiveCfg = Release|Any CPU
		{5DBE28DE-BB5D-476A-8F41-041503528FE1}.Release|Mixed Platforms.Build.0 = Release|Any CPU
		{5DBE28DE-BB5D-476A-8F41-041503528FE1}.Release|x86.ActiveCfg = Release|Any CPU
		{40F992BF-DE42-43C4-A1FE-C2B84A6BA4BB}.Debug|Any CPU.ActiveCfg = Debug|Any CPU
		{40F992BF-DE42-43C4-A1FE-C2B84A6BA4BB}.Debug|Any CPU.Build.0 = Debug|Any CPU
		{40F992BF-DE42-43C4-A1FE-C2B84A6BA4BB}.Debug|Mixed Platforms.ActiveCfg = Debug|Any CPU
		{40F992BF-DE42-43C4-A1FE-C2B84A6BA4BB}.Debug|Mixed Platforms.Build.0 = Debug|Any CPU
		{40F992BF-DE42-43C4-A1FE-C2B84A6BA4BB}.Debug|x86.ActiveCfg = Debug|Any CPU
		{40F992BF-DE42-43C4-A1FE-C2B84A6BA4BB}.Release|Any CPU.ActiveCfg = Release|Any CPU
		{40F992BF-DE42-43C4-A1FE-C2B84A6BA4BB}.Release|Any CPU.Build.0 = Release|Any CPU
		{40F992BF-DE42-43C4-A1FE-C2B84A6BA4BB}.Release|Mixed Platforms.ActiveCfg = Release|Any CPU
		{40F992BF-DE42-43C4-A1FE-C2B84A6BA4BB}.Release|Mixed Platforms.Build.0 = Release|Any CPU
		{40F992BF-DE42-43C4-A1FE-C2B84A6BA4BB}.Release|x86.ActiveCfg = Release|Any CPU
		{B6FFF5EC-D208-48BB-9B53-99B7418F7D17}.Debug|Any CPU.ActiveCfg = Debug|Any CPU
		{B6FFF5EC-D208-48BB-9B53-99B7418F7D17}.Debug|Any CPU.Build.0 = Debug|Any CPU
		{B6FFF5EC-D208-48BB-9B53-99B7418F7D17}.Debug|Mixed Platforms.ActiveCfg = Debug|Any CPU
		{B6FFF5EC-D208-48BB-9B53-99B7418F7D17}.Debug|Mixed Platforms.Build.0 = Debug|Any CPU
		{B6FFF5EC-D208-48BB-9B53-99B7418F7D17}.Debug|x86.ActiveCfg = Debug|Any CPU
		{B6FFF5EC-D208-48BB-9B53-99B7418F7D17}.Release|Any CPU.ActiveCfg = Release|Any CPU
		{B6FFF5EC-D208-48BB-9B53-99B7418F7D17}.Release|Any CPU.Build.0 = Release|Any CPU
		{B6FFF5EC-D208-48BB-9B53-99B7418F7D17}.Release|Mixed Platforms.ActiveCfg = Release|Any CPU
		{B6FFF5EC-D208-48BB-9B53-99B7418F7D17}.Release|Mixed Platforms.Build.0 = Release|Any CPU
		{B6FFF5EC-D208-48BB-9B53-99B7418F7D17}.Release|x86.ActiveCfg = Release|Any CPU
		{297F40EF-37FA-4208-8DB4-C2971AF2B313}.Debug|Any CPU.ActiveCfg = Debug|Any CPU
		{297F40EF-37FA-4208-8DB4-C2971AF2B313}.Debug|Any CPU.Build.0 = Debug|Any CPU
		{297F40EF-37FA-4208-8DB4-C2971AF2B313}.Debug|Mixed Platforms.ActiveCfg = Debug|Any CPU
		{297F40EF-37FA-4208-8DB4-C2971AF2B313}.Debug|Mixed Platforms.Build.0 = Debug|Any CPU
		{297F40EF-37FA-4208-8DB4-C2971AF2B313}.Debug|x86.ActiveCfg = Debug|Any CPU
		{297F40EF-37FA-4208-8DB4-C2971AF2B313}.Release|Any CPU.ActiveCfg = Release|Any CPU
		{297F40EF-37FA-4208-8DB4-C2971AF2B313}.Release|Any CPU.Build.0 = Release|Any CPU
		{297F40EF-37FA-4208-8DB4-C2971AF2B313}.Release|Mixed Platforms.ActiveCfg = Release|Any CPU
		{297F40EF-37FA-4208-8DB4-C2971AF2B313}.Release|Mixed Platforms.Build.0 = Release|Any CPU
		{297F40EF-37FA-4208-8DB4-C2971AF2B313}.Release|x86.ActiveCfg = Release|Any CPU
		{A8EB7717-F5DE-419A-BB10-D213BC6FA654}.Debug|Any CPU.ActiveCfg = Debug|Any CPU
		{A8EB7717-F5DE-419A-BB10-D213BC6FA654}.Debug|Any CPU.Build.0 = Debug|Any CPU
		{A8EB7717-F5DE-419A-BB10-D213BC6FA654}.Debug|Mixed Platforms.ActiveCfg = Debug|Any CPU
		{A8EB7717-F5DE-419A-BB10-D213BC6FA654}.Debug|Mixed Platforms.Build.0 = Debug|Any CPU
		{A8EB7717-F5DE-419A-BB10-D213BC6FA654}.Debug|x86.ActiveCfg = Debug|Any CPU
		{A8EB7717-F5DE-419A-BB10-D213BC6FA654}.Release|Any CPU.ActiveCfg = Release|Any CPU
		{A8EB7717-F5DE-419A-BB10-D213BC6FA654}.Release|Any CPU.Build.0 = Release|Any CPU
		{A8EB7717-F5DE-419A-BB10-D213BC6FA654}.Release|Mixed Platforms.ActiveCfg = Release|Any CPU
		{A8EB7717-F5DE-419A-BB10-D213BC6FA654}.Release|Mixed Platforms.Build.0 = Release|Any CPU
		{A8EB7717-F5DE-419A-BB10-D213BC6FA654}.Release|x86.ActiveCfg = Release|Any CPU
		{2598AAA5-67A3-4952-B104-AB96BD0D5C0D}.Debug|Any CPU.ActiveCfg = Debug|Any CPU
		{2598AAA5-67A3-4952-B104-AB96BD0D5C0D}.Debug|Any CPU.Build.0 = Debug|Any CPU
		{2598AAA5-67A3-4952-B104-AB96BD0D5C0D}.Debug|Mixed Platforms.ActiveCfg = Debug|Any CPU
		{2598AAA5-67A3-4952-B104-AB96BD0D5C0D}.Debug|Mixed Platforms.Build.0 = Debug|Any CPU
		{2598AAA5-67A3-4952-B104-AB96BD0D5C0D}.Debug|x86.ActiveCfg = Debug|Any CPU
		{2598AAA5-67A3-4952-B104-AB96BD0D5C0D}.Release|Any CPU.ActiveCfg = Release|Any CPU
		{2598AAA5-67A3-4952-B104-AB96BD0D5C0D}.Release|Any CPU.Build.0 = Release|Any CPU
		{2598AAA5-67A3-4952-B104-AB96BD0D5C0D}.Release|Mixed Platforms.ActiveCfg = Release|Any CPU
		{2598AAA5-67A3-4952-B104-AB96BD0D5C0D}.Release|Mixed Platforms.Build.0 = Release|Any CPU
		{2598AAA5-67A3-4952-B104-AB96BD0D5C0D}.Release|x86.ActiveCfg = Release|Any CPU
		{472A71E6-C7E4-4556-9ABA-189EE345E9E8}.Debug|Any CPU.ActiveCfg = Debug|x86
		{472A71E6-C7E4-4556-9ABA-189EE345E9E8}.Debug|Mixed Platforms.ActiveCfg = Debug|x86
		{472A71E6-C7E4-4556-9ABA-189EE345E9E8}.Debug|Mixed Platforms.Build.0 = Debug|x86
		{472A71E6-C7E4-4556-9ABA-189EE345E9E8}.Debug|x86.ActiveCfg = Debug|x86
		{472A71E6-C7E4-4556-9ABA-189EE345E9E8}.Debug|x86.Build.0 = Debug|x86
		{472A71E6-C7E4-4556-9ABA-189EE345E9E8}.Release|Any CPU.ActiveCfg = Release|x86
		{472A71E6-C7E4-4556-9ABA-189EE345E9E8}.Release|Mixed Platforms.ActiveCfg = Release|x86
		{472A71E6-C7E4-4556-9ABA-189EE345E9E8}.Release|Mixed Platforms.Build.0 = Release|x86
		{472A71E6-C7E4-4556-9ABA-189EE345E9E8}.Release|x86.ActiveCfg = Release|x86
		{472A71E6-C7E4-4556-9ABA-189EE345E9E8}.Release|x86.Build.0 = Release|x86
		{F648F504-2515-4700-8B2F-64C3931ED954}.Debug|Any CPU.ActiveCfg = Debug|Any CPU
		{F648F504-2515-4700-8B2F-64C3931ED954}.Debug|Any CPU.Build.0 = Debug|Any CPU
		{F648F504-2515-4700-8B2F-64C3931ED954}.Debug|Mixed Platforms.ActiveCfg = Debug|Any CPU
		{F648F504-2515-4700-8B2F-64C3931ED954}.Debug|Mixed Platforms.Build.0 = Debug|Any CPU
		{F648F504-2515-4700-8B2F-64C3931ED954}.Debug|x86.ActiveCfg = Debug|Any CPU
		{F648F504-2515-4700-8B2F-64C3931ED954}.Release|Any CPU.ActiveCfg = Release|Any CPU
		{F648F504-2515-4700-8B2F-64C3931ED954}.Release|Any CPU.Build.0 = Release|Any CPU
		{F648F504-2515-4700-8B2F-64C3931ED954}.Release|Mixed Platforms.ActiveCfg = Release|Any CPU
		{F648F504-2515-4700-8B2F-64C3931ED954}.Release|Mixed Platforms.Build.0 = Release|Any CPU
		{F648F504-2515-4700-8B2F-64C3931ED954}.Release|x86.ActiveCfg = Release|Any CPU
		{666B77A2-5BF1-419C-BFF2-C5F6B5CB95F6}.Debug|Any CPU.ActiveCfg = Debug|Any CPU
		{666B77A2-5BF1-419C-BFF2-C5F6B5CB95F6}.Debug|Any CPU.Build.0 = Debug|Any CPU
		{666B77A2-5BF1-419C-BFF2-C5F6B5CB95F6}.Debug|Mixed Platforms.ActiveCfg = Debug|Any CPU
		{666B77A2-5BF1-419C-BFF2-C5F6B5CB95F6}.Debug|Mixed Platforms.Build.0 = Debug|Any CPU
		{666B77A2-5BF1-419C-BFF2-C5F6B5CB95F6}.Debug|x86.ActiveCfg = Debug|Any CPU
		{666B77A2-5BF1-419C-BFF2-C5F6B5CB95F6}.Release|Any CPU.ActiveCfg = Release|Any CPU
		{666B77A2-5BF1-419C-BFF2-C5F6B5CB95F6}.Release|Any CPU.Build.0 = Release|Any CPU
		{666B77A2-5BF1-419C-BFF2-C5F6B5CB95F6}.Release|Mixed Platforms.ActiveCfg = Release|Any CPU
		{666B77A2-5BF1-419C-BFF2-C5F6B5CB95F6}.Release|Mixed Platforms.Build.0 = Release|Any CPU
		{666B77A2-5BF1-419C-BFF2-C5F6B5CB95F6}.Release|x86.ActiveCfg = Release|Any CPU
		{714B8894-F2F0-47D8-9B28-CD3B1E8D427A}.Debug|Any CPU.ActiveCfg = Debug|Any CPU
		{714B8894-F2F0-47D8-9B28-CD3B1E8D427A}.Debug|Any CPU.Build.0 = Debug|Any CPU
		{714B8894-F2F0-47D8-9B28-CD3B1E8D427A}.Debug|Mixed Platforms.ActiveCfg = Debug|Any CPU
		{714B8894-F2F0-47D8-9B28-CD3B1E8D427A}.Debug|Mixed Platforms.Build.0 = Debug|Any CPU
		{714B8894-F2F0-47D8-9B28-CD3B1E8D427A}.Debug|x86.ActiveCfg = Debug|Any CPU
		{714B8894-F2F0-47D8-9B28-CD3B1E8D427A}.Release|Any CPU.ActiveCfg = Release|Any CPU
		{714B8894-F2F0-47D8-9B28-CD3B1E8D427A}.Release|Any CPU.Build.0 = Release|Any CPU
		{714B8894-F2F0-47D8-9B28-CD3B1E8D427A}.Release|Mixed Platforms.ActiveCfg = Release|Any CPU
		{714B8894-F2F0-47D8-9B28-CD3B1E8D427A}.Release|Mixed Platforms.Build.0 = Release|Any CPU
		{714B8894-F2F0-47D8-9B28-CD3B1E8D427A}.Release|x86.ActiveCfg = Release|Any CPU
		{65E396D7-23B0-4E84-8553-BB517DB9245C}.Debug|Any CPU.ActiveCfg = Debug|x86
		{65E396D7-23B0-4E84-8553-BB517DB9245C}.Debug|Mixed Platforms.ActiveCfg = Debug|x86
		{65E396D7-23B0-4E84-8553-BB517DB9245C}.Debug|Mixed Platforms.Build.0 = Debug|x86
		{65E396D7-23B0-4E84-8553-BB517DB9245C}.Debug|x86.ActiveCfg = Debug|x86
		{65E396D7-23B0-4E84-8553-BB517DB9245C}.Debug|x86.Build.0 = Debug|x86
		{65E396D7-23B0-4E84-8553-BB517DB9245C}.Release|Any CPU.ActiveCfg = Release|x86
		{65E396D7-23B0-4E84-8553-BB517DB9245C}.Release|Mixed Platforms.ActiveCfg = Release|x86
		{65E396D7-23B0-4E84-8553-BB517DB9245C}.Release|Mixed Platforms.Build.0 = Release|x86
		{65E396D7-23B0-4E84-8553-BB517DB9245C}.Release|x86.ActiveCfg = Release|x86
		{65E396D7-23B0-4E84-8553-BB517DB9245C}.Release|x86.Build.0 = Release|x86
		{19F826FF-DBA3-4490-AE04-2D08959EFBA4}.Debug|Any CPU.ActiveCfg = Debug|Any CPU
		{19F826FF-DBA3-4490-AE04-2D08959EFBA4}.Debug|Any CPU.Build.0 = Debug|Any CPU
		{19F826FF-DBA3-4490-AE04-2D08959EFBA4}.Debug|Mixed Platforms.ActiveCfg = Debug|Any CPU
		{19F826FF-DBA3-4490-AE04-2D08959EFBA4}.Debug|Mixed Platforms.Build.0 = Debug|Any CPU
		{19F826FF-DBA3-4490-AE04-2D08959EFBA4}.Debug|x86.ActiveCfg = Debug|Any CPU
		{19F826FF-DBA3-4490-AE04-2D08959EFBA4}.Release|Any CPU.ActiveCfg = Release|Any CPU
		{19F826FF-DBA3-4490-AE04-2D08959EFBA4}.Release|Any CPU.Build.0 = Release|Any CPU
		{19F826FF-DBA3-4490-AE04-2D08959EFBA4}.Release|Mixed Platforms.ActiveCfg = Release|Any CPU
		{19F826FF-DBA3-4490-AE04-2D08959EFBA4}.Release|Mixed Platforms.Build.0 = Release|Any CPU
		{19F826FF-DBA3-4490-AE04-2D08959EFBA4}.Release|x86.ActiveCfg = Release|Any CPU
	EndGlobalSection
	GlobalSection(SolutionProperties) = preSolution
		HideSolutionNode = FALSE
	EndGlobalSection
EndGlobal
