
Microsoft Visual Studio Solution File, Format Version 12.00
# Visual Studio 14
VisualStudioVersion = 14.0.24720.0
MinimumVisualStudioVersion = 10.0.40219.1
Project("{2150E333-8FDC-42A3-9474-1A3956D46DE8}") = "Solution Items", "Solution Items", "{B9E73330-E0D8-4830-BBCF-9A3C57F672D2}"
	ProjectSection(SolutionItems) = preProject
		README.md = README.md
		TODO.txt = TODO.txt
	EndProjectSection
EndProject
Project("{2150E333-8FDC-42A3-9474-1A3956D46DE8}") = "Events", "Events", "{1A06B80C-EDAE-46B3-B7B3-6F641EE03BA6}"
EndProject
Project("{2150E333-8FDC-42A3-9474-1A3956D46DE8}") = "Mocks", "Mocks", "{F72F28DC-FD0C-4904-A174-5DAD48250E22}"
EndProject
Project("{2150E333-8FDC-42A3-9474-1A3956D46DE8}") = "Networking", "Networking", "{0EA3132A-669C-4228-8684-3B98AE876BEF}"
EndProject
Project("{2150E333-8FDC-42A3-9474-1A3956D46DE8}") = "Things", "Things", "{F3F09E8E-51C5-4F8B-A4F4-E17F8FC204C1}"
EndProject
Project("{2150E333-8FDC-42A3-9474-1A3956D46DE8}") = "Clients", "Clients", "{50F8FFBF-F74B-4EBB-9F99-7CD4E6FA292C}"
EndProject
Project("{FAE04EC0-301F-11D3-BF4B-00C04F79EFBC}") = "Waher.Client.WPF", "Clients\Waher.Client.WPF\Waher.Client.WPF.csproj", "{7E4AFEC9-19CF-4356-A212-EFFB29F8CC32}"
EndProject
Project("{FAE04EC0-301F-11D3-BF4B-00C04F79EFBC}") = "Waher.Events", "Events\Waher.Events\Waher.Events.csproj", "{A8EB7717-F5DE-419A-BB10-D213BC6FA654}"
EndProject
Project("{FAE04EC0-301F-11D3-BF4B-00C04F79EFBC}") = "Waher.Events.Console", "Events\Waher.Events.Console\Waher.Events.Console.csproj", "{2598AAA5-67A3-4952-B104-AB96BD0D5C0D}"
EndProject
Project("{FAE04EC0-301F-11D3-BF4B-00C04F79EFBC}") = "Waher.Events.Documentation", "Events\Waher.Events.Documentation\Waher.Events.Documentation.csproj", "{472A71E6-C7E4-4556-9ABA-189EE345E9E8}"
EndProject
Project("{FAE04EC0-301F-11D3-BF4B-00C04F79EFBC}") = "Waher.Events.XMPP", "Events\Waher.Events.XMPP\Waher.Events.XMPP.csproj", "{F648F504-2515-4700-8B2F-64C3931ED954}"
EndProject
Project("{FAE04EC0-301F-11D3-BF4B-00C04F79EFBC}") = "Waher.Mock", "Mocks\Waher.Mock\Waher.Mock.csproj", "{19F826FF-DBA3-4490-AE04-2D08959EFBA4}"
EndProject
Project("{FAE04EC0-301F-11D3-BF4B-00C04F79EFBC}") = "Waher.Mock.Temperature", "Mocks\Waher.Mock.Temperature\Waher.Mock.Temperature.csproj", "{65E396D7-23B0-4E84-8553-BB517DB9245C}"
EndProject
Project("{FAE04EC0-301F-11D3-BF4B-00C04F79EFBC}") = "Waher.Things", "Things\Waher.Things\Waher.Things.csproj", "{714B8894-F2F0-47D8-9B28-CD3B1E8D427A}"
EndProject
Project("{FAE04EC0-301F-11D3-BF4B-00C04F79EFBC}") = "Waher.Networking", "Networking\Waher.Networking\Waher.Networking.csproj", "{297F40EF-37FA-4208-8DB4-C2971AF2B313}"
EndProject
Project("{FAE04EC0-301F-11D3-BF4B-00C04F79EFBC}") = "Waher.Networking.MQTT", "Networking\Waher.Networking.MQTT\Waher.Networking.MQTT.csproj", "{87219C0E-5FC0-41BA-9DD5-BAF5CA071A62}"
EndProject
Project("{FAE04EC0-301F-11D3-BF4B-00C04F79EFBC}") = "Waher.Networking.UPnP", "Networking\Waher.Networking.UPnP\Waher.Networking.UPnP.csproj", "{1A56BCF5-74AA-475C-8235-30783D7C4A76}"
EndProject
Project("{FAE04EC0-301F-11D3-BF4B-00C04F79EFBC}") = "Waher.Networking.PeerToPeer", "Networking\Waher.Networking.PeerToPeer\Waher.Networking.PeerToPeer.csproj", "{5DBE28DE-BB5D-476A-8F41-041503528FE1}"
EndProject
Project("{FAE04EC0-301F-11D3-BF4B-00C04F79EFBC}") = "Waher.Networking.XMPP", "Networking\Waher.Networking.XMPP\Waher.Networking.XMPP.csproj", "{40F992BF-DE42-43C4-A1FE-C2B84A6BA4BB}"
EndProject
Project("{FAE04EC0-301F-11D3-BF4B-00C04F79EFBC}") = "Waher.Networking.XMPP.Sensor", "Networking\Waher.Networking.XMPP.Sensor\Waher.Networking.XMPP.Sensor.csproj", "{666B77A2-5BF1-419C-BFF2-C5F6B5CB95F6}"
EndProject
Project("{FAE04EC0-301F-11D3-BF4B-00C04F79EFBC}") = "Waher.Networking.XMPP.Interoperability", "Networking\Waher.Networking.XMPP.Interoperability\Waher.Networking.XMPP.Interoperability.csproj", "{82CDAB8E-15B0-4EB4-A454-261D210559C4}"
EndProject
Project("{FAE04EC0-301F-11D3-BF4B-00C04F79EFBC}") = "Waher.Networking.XMPP.Chat", "Networking\Waher.Networking.XMPP.Chat\Waher.Networking.XMPP.Chat.csproj", "{DA829B91-7E2D-4A3F-9960-2C6FA83B035D}"
EndProject
Project("{FAE04EC0-301F-11D3-BF4B-00C04F79EFBC}") = "Waher.Networking.XMPP.Test", "Networking\Waher.Networking.XMPP.Test\Waher.Networking.XMPP.Test.csproj", "{B6FFF5EC-D208-48BB-9B53-99B7418F7D17}"
EndProject
Project("{2150E333-8FDC-42A3-9474-1A3956D46DE8}") = "Content", "Content", "{E2EEE209-6C34-4FDD-9ADA-89A2CAC5E78F}"
EndProject
Project("{FAE04EC0-301F-11D3-BF4B-00C04F79EFBC}") = "Waher.Content", "Content\Waher.Content\Waher.Content.csproj", "{8E159800-4F4F-4457-A2E9-C30E9CE95338}"
EndProject
Project("{2150E333-8FDC-42A3-9474-1A3956D46DE8}") = "Script", "Script", "{A26DA5FE-E41B-458F-AA90-EB0ADC43E39B}"
EndProject
Project("{FAE04EC0-301F-11D3-BF4B-00C04F79EFBC}") = "Waher.Script", "Script\Waher.Script\Waher.Script.csproj", "{B3E5EB44-93F4-42AD-8A12-5AB35B157652}"
EndProject
Project("{FAE04EC0-301F-11D3-BF4B-00C04F79EFBC}") = "Waher.Content.Drawing", "Content\Waher.Content.Drawing\Waher.Content.Drawing.csproj", "{788CBC30-25E8-434C-8A5B-D3D2C4111327}"
EndProject
Project("{FAE04EC0-301F-11D3-BF4B-00C04F79EFBC}") = "Waher.Content.Markdown", "Content\Waher.Content.Markdown\Waher.Content.Markdown.csproj", "{68326905-ABE8-47FF-B458-5DD28431790A}"
EndProject
Project("{FAE04EC0-301F-11D3-BF4B-00C04F79EFBC}") = "Waher.Content.Markdown.Test", "Content\Waher.Content.Markdown.Test\Waher.Content.Markdown.Test.csproj", "{FB5E50BF-3B4E-42EF-8F6C-F5B3435B56C7}"
EndProject
Project("{2150E333-8FDC-42A3-9474-1A3956D46DE8}") = "Utilities", "Utilities", "{5DB13D03-2513-4181-B5BF-891A6974B4A6}"
EndProject
Project("{FAE04EC0-301F-11D3-BF4B-00C04F79EFBC}") = "Waher.Utility.GetEmojiCatalog", "Utilities\Waher.Utility.GetEmojiCatalog\Waher.Utility.GetEmojiCatalog.csproj", "{ED7C8BAC-092D-4840-AEC5-E610E29FB86E}"
EndProject
Project("{FAE04EC0-301F-11D3-BF4B-00C04F79EFBC}") = "Waher.Content.Emoji", "Content\Waher.Content.Emoji\Waher.Content.Emoji.csproj", "{CE220064-0FAF-4AF0-85F7-CF097B4EBD66}"
EndProject
Project("{FAE04EC0-301F-11D3-BF4B-00C04F79EFBC}") = "Waher.Content.Emoji.Emoji1", "Content\Waher.Content.Emoji.Emoji1\Waher.Content.Emoji.Emoji1.csproj", "{72824025-48A2-4FBA-9332-252CBE0565E1}"
EndProject
Project("{2150E333-8FDC-42A3-9474-1A3956D46DE8}") = "Services", "Services", "{96CFAE24-08BF-4EEE-83B5-9E9AC186EE9E}"
EndProject
Project("{FAE04EC0-301F-11D3-BF4B-00C04F79EFBC}") = "Waher.Service.PcSensor", "Services\Waher.Service.PcSensor\Waher.Service.PcSensor.csproj", "{BD323209-10EE-44AA-A654-59AB29D32175}"
EndProject
Project("{FAE04EC0-301F-11D3-BF4B-00C04F79EFBC}") = "Waher.Networking.XMPP.Control", "Networking\Waher.Networking.XMPP.Control\Waher.Networking.XMPP.Control.csproj", "{1EBCC0D6-A725-4468-8625-19443A34A449}"
EndProject
Project("{FAE04EC0-301F-11D3-BF4B-00C04F79EFBC}") = "Waher.Mock.Lamp", "Mocks\Waher.Mock.Lamp\Waher.Mock.Lamp.csproj", "{71423877-5760-466C-8E91-3EE0CE4DDA8D}"
EndProject
Project("{FAE04EC0-301F-11D3-BF4B-00C04F79EFBC}") = "Waher.Networking.HTTP.Test", "Networking\Waher.Networking.HTTP.Test\Waher.Networking.HTTP.Test.csproj", "{D589B854-F2FA-404F-89A0-9D576DCEF599}"
EndProject
Project("{FAE04EC0-301F-11D3-BF4B-00C04F79EFBC}") = "Waher.Networking.HTTP", "Networking\Waher.Networking.HTTP\Waher.Networking.HTTP.csproj", "{EE4B263E-F1A1-4E92-A4FA-64656813FB86}"
EndProject
Project("{2150E333-8FDC-42A3-9474-1A3956D46DE8}") = "Security", "Security", "{D9FE4585-4E25-44EC-8DBA-DA90B012DC67}"
EndProject
Project("{FAE04EC0-301F-11D3-BF4B-00C04F79EFBC}") = "Waher.Security", "Security\Waher.Security\Waher.Security.csproj", "{2F1EBB5F-33DE-4C77-8F4A-96824AEF3795}"
EndProject
Project("{FAE04EC0-301F-11D3-BF4B-00C04F79EFBC}") = "Waher.IoTGateway", "Waher.IoTGateway\Waher.IoTGateway.csproj", "{39238486-5C53-42D1-93DF-3CA9565F8FB3}"
EndProject
Project("{FAE04EC0-301F-11D3-BF4B-00C04F79EFBC}") = "Waher.Script.Test", "Script\Waher.Script.Test\Waher.Script.Test.csproj", "{5A9F8DF7-EBC7-4CBF-A295-6D7EC9C20EED}"
EndProject
Project("{2150E333-8FDC-42A3-9474-1A3956D46DE8}") = "Runtime", "Runtime", "{A6A2D4A1-12E4-467E-925C-720093EBFE26}"
EndProject
Project("{FAE04EC0-301F-11D3-BF4B-00C04F79EFBC}") = "Waher.Runtime.Cache", "Runtime\Waher.Runtime.Cache\Waher.Runtime.Cache.csproj", "{5275AC3F-46BF-47B1-B0EC-9493D9E1B6AD}"
EndProject
Project("{FAE04EC0-301F-11D3-BF4B-00C04F79EFBC}") = "Waher.Runtime.Timing", "Runtime\Waher.Runtime.Timing\Waher.Runtime.Timing.csproj", "{83327E85-6D9D-47CB-B415-63F596E03C7A}"
EndProject
Global
	GlobalSection(SolutionConfigurationPlatforms) = preSolution
		Debug|Any CPU = Debug|Any CPU
		Debug|Mixed Platforms = Debug|Mixed Platforms
		Debug|x86 = Debug|x86
		Release|Any CPU = Release|Any CPU
		Release|Mixed Platforms = Release|Mixed Platforms
		Release|x86 = Release|x86
	EndGlobalSection
	GlobalSection(ProjectConfigurationPlatforms) = postSolution
		{7E4AFEC9-19CF-4356-A212-EFFB29F8CC32}.Debug|Any CPU.ActiveCfg = Debug|x86
		{7E4AFEC9-19CF-4356-A212-EFFB29F8CC32}.Debug|Mixed Platforms.ActiveCfg = Debug|x86
		{7E4AFEC9-19CF-4356-A212-EFFB29F8CC32}.Debug|Mixed Platforms.Build.0 = Debug|x86
		{7E4AFEC9-19CF-4356-A212-EFFB29F8CC32}.Debug|x86.ActiveCfg = Debug|x86
		{7E4AFEC9-19CF-4356-A212-EFFB29F8CC32}.Debug|x86.Build.0 = Debug|x86
		{7E4AFEC9-19CF-4356-A212-EFFB29F8CC32}.Release|Any CPU.ActiveCfg = Release|x86
		{7E4AFEC9-19CF-4356-A212-EFFB29F8CC32}.Release|Mixed Platforms.ActiveCfg = Release|x86
		{7E4AFEC9-19CF-4356-A212-EFFB29F8CC32}.Release|Mixed Platforms.Build.0 = Release|x86
		{7E4AFEC9-19CF-4356-A212-EFFB29F8CC32}.Release|x86.ActiveCfg = Release|x86
		{7E4AFEC9-19CF-4356-A212-EFFB29F8CC32}.Release|x86.Build.0 = Release|x86
		{A8EB7717-F5DE-419A-BB10-D213BC6FA654}.Debug|Any CPU.ActiveCfg = Debug|Any CPU
		{A8EB7717-F5DE-419A-BB10-D213BC6FA654}.Debug|Any CPU.Build.0 = Debug|Any CPU
		{A8EB7717-F5DE-419A-BB10-D213BC6FA654}.Debug|Mixed Platforms.ActiveCfg = Debug|Any CPU
		{A8EB7717-F5DE-419A-BB10-D213BC6FA654}.Debug|Mixed Platforms.Build.0 = Debug|Any CPU
		{A8EB7717-F5DE-419A-BB10-D213BC6FA654}.Debug|x86.ActiveCfg = Debug|Any CPU
		{A8EB7717-F5DE-419A-BB10-D213BC6FA654}.Release|Any CPU.ActiveCfg = Release|Any CPU
		{A8EB7717-F5DE-419A-BB10-D213BC6FA654}.Release|Any CPU.Build.0 = Release|Any CPU
		{A8EB7717-F5DE-419A-BB10-D213BC6FA654}.Release|Mixed Platforms.ActiveCfg = Release|Any CPU
		{A8EB7717-F5DE-419A-BB10-D213BC6FA654}.Release|Mixed Platforms.Build.0 = Release|Any CPU
		{A8EB7717-F5DE-419A-BB10-D213BC6FA654}.Release|x86.ActiveCfg = Release|Any CPU
		{2598AAA5-67A3-4952-B104-AB96BD0D5C0D}.Debug|Any CPU.ActiveCfg = Debug|Any CPU
		{2598AAA5-67A3-4952-B104-AB96BD0D5C0D}.Debug|Any CPU.Build.0 = Debug|Any CPU
		{2598AAA5-67A3-4952-B104-AB96BD0D5C0D}.Debug|Mixed Platforms.ActiveCfg = Debug|Any CPU
		{2598AAA5-67A3-4952-B104-AB96BD0D5C0D}.Debug|Mixed Platforms.Build.0 = Debug|Any CPU
		{2598AAA5-67A3-4952-B104-AB96BD0D5C0D}.Debug|x86.ActiveCfg = Debug|Any CPU
		{2598AAA5-67A3-4952-B104-AB96BD0D5C0D}.Release|Any CPU.ActiveCfg = Release|Any CPU
		{2598AAA5-67A3-4952-B104-AB96BD0D5C0D}.Release|Any CPU.Build.0 = Release|Any CPU
		{2598AAA5-67A3-4952-B104-AB96BD0D5C0D}.Release|Mixed Platforms.ActiveCfg = Release|Any CPU
		{2598AAA5-67A3-4952-B104-AB96BD0D5C0D}.Release|Mixed Platforms.Build.0 = Release|Any CPU
		{2598AAA5-67A3-4952-B104-AB96BD0D5C0D}.Release|x86.ActiveCfg = Release|Any CPU
		{472A71E6-C7E4-4556-9ABA-189EE345E9E8}.Debug|Any CPU.ActiveCfg = Debug|x86
		{472A71E6-C7E4-4556-9ABA-189EE345E9E8}.Debug|Mixed Platforms.ActiveCfg = Debug|x86
		{472A71E6-C7E4-4556-9ABA-189EE345E9E8}.Debug|Mixed Platforms.Build.0 = Debug|x86
		{472A71E6-C7E4-4556-9ABA-189EE345E9E8}.Debug|x86.ActiveCfg = Debug|x86
		{472A71E6-C7E4-4556-9ABA-189EE345E9E8}.Debug|x86.Build.0 = Debug|x86
		{472A71E6-C7E4-4556-9ABA-189EE345E9E8}.Release|Any CPU.ActiveCfg = Release|x86
		{472A71E6-C7E4-4556-9ABA-189EE345E9E8}.Release|Mixed Platforms.ActiveCfg = Release|x86
		{472A71E6-C7E4-4556-9ABA-189EE345E9E8}.Release|Mixed Platforms.Build.0 = Release|x86
		{472A71E6-C7E4-4556-9ABA-189EE345E9E8}.Release|x86.ActiveCfg = Release|x86
		{472A71E6-C7E4-4556-9ABA-189EE345E9E8}.Release|x86.Build.0 = Release|x86
		{F648F504-2515-4700-8B2F-64C3931ED954}.Debug|Any CPU.ActiveCfg = Debug|Any CPU
		{F648F504-2515-4700-8B2F-64C3931ED954}.Debug|Any CPU.Build.0 = Debug|Any CPU
		{F648F504-2515-4700-8B2F-64C3931ED954}.Debug|Mixed Platforms.ActiveCfg = Debug|Any CPU
		{F648F504-2515-4700-8B2F-64C3931ED954}.Debug|Mixed Platforms.Build.0 = Debug|Any CPU
		{F648F504-2515-4700-8B2F-64C3931ED954}.Debug|x86.ActiveCfg = Debug|Any CPU
		{F648F504-2515-4700-8B2F-64C3931ED954}.Release|Any CPU.ActiveCfg = Release|Any CPU
		{F648F504-2515-4700-8B2F-64C3931ED954}.Release|Any CPU.Build.0 = Release|Any CPU
		{F648F504-2515-4700-8B2F-64C3931ED954}.Release|Mixed Platforms.ActiveCfg = Release|Any CPU
		{F648F504-2515-4700-8B2F-64C3931ED954}.Release|Mixed Platforms.Build.0 = Release|Any CPU
		{F648F504-2515-4700-8B2F-64C3931ED954}.Release|x86.ActiveCfg = Release|Any CPU
		{19F826FF-DBA3-4490-AE04-2D08959EFBA4}.Debug|Any CPU.ActiveCfg = Debug|Any CPU
		{19F826FF-DBA3-4490-AE04-2D08959EFBA4}.Debug|Any CPU.Build.0 = Debug|Any CPU
		{19F826FF-DBA3-4490-AE04-2D08959EFBA4}.Debug|Mixed Platforms.ActiveCfg = Debug|Any CPU
		{19F826FF-DBA3-4490-AE04-2D08959EFBA4}.Debug|Mixed Platforms.Build.0 = Debug|Any CPU
		{19F826FF-DBA3-4490-AE04-2D08959EFBA4}.Debug|x86.ActiveCfg = Debug|Any CPU
		{19F826FF-DBA3-4490-AE04-2D08959EFBA4}.Release|Any CPU.ActiveCfg = Release|Any CPU
		{19F826FF-DBA3-4490-AE04-2D08959EFBA4}.Release|Any CPU.Build.0 = Release|Any CPU
		{19F826FF-DBA3-4490-AE04-2D08959EFBA4}.Release|Mixed Platforms.ActiveCfg = Release|Any CPU
		{19F826FF-DBA3-4490-AE04-2D08959EFBA4}.Release|Mixed Platforms.Build.0 = Release|Any CPU
		{19F826FF-DBA3-4490-AE04-2D08959EFBA4}.Release|x86.ActiveCfg = Release|Any CPU
		{65E396D7-23B0-4E84-8553-BB517DB9245C}.Debug|Any CPU.ActiveCfg = Debug|x86
		{65E396D7-23B0-4E84-8553-BB517DB9245C}.Debug|Mixed Platforms.ActiveCfg = Debug|x86
		{65E396D7-23B0-4E84-8553-BB517DB9245C}.Debug|Mixed Platforms.Build.0 = Debug|x86
		{65E396D7-23B0-4E84-8553-BB517DB9245C}.Debug|x86.ActiveCfg = Debug|x86
		{65E396D7-23B0-4E84-8553-BB517DB9245C}.Debug|x86.Build.0 = Debug|x86
		{65E396D7-23B0-4E84-8553-BB517DB9245C}.Release|Any CPU.ActiveCfg = Release|x86
		{65E396D7-23B0-4E84-8553-BB517DB9245C}.Release|Mixed Platforms.ActiveCfg = Release|x86
		{65E396D7-23B0-4E84-8553-BB517DB9245C}.Release|Mixed Platforms.Build.0 = Release|x86
		{65E396D7-23B0-4E84-8553-BB517DB9245C}.Release|x86.ActiveCfg = Release|x86
		{65E396D7-23B0-4E84-8553-BB517DB9245C}.Release|x86.Build.0 = Release|x86
		{714B8894-F2F0-47D8-9B28-CD3B1E8D427A}.Debug|Any CPU.ActiveCfg = Debug|Any CPU
		{714B8894-F2F0-47D8-9B28-CD3B1E8D427A}.Debug|Any CPU.Build.0 = Debug|Any CPU
		{714B8894-F2F0-47D8-9B28-CD3B1E8D427A}.Debug|Mixed Platforms.ActiveCfg = Debug|Any CPU
		{714B8894-F2F0-47D8-9B28-CD3B1E8D427A}.Debug|Mixed Platforms.Build.0 = Debug|Any CPU
		{714B8894-F2F0-47D8-9B28-CD3B1E8D427A}.Debug|x86.ActiveCfg = Debug|Any CPU
		{714B8894-F2F0-47D8-9B28-CD3B1E8D427A}.Release|Any CPU.ActiveCfg = Release|Any CPU
		{714B8894-F2F0-47D8-9B28-CD3B1E8D427A}.Release|Any CPU.Build.0 = Release|Any CPU
		{714B8894-F2F0-47D8-9B28-CD3B1E8D427A}.Release|Mixed Platforms.ActiveCfg = Release|Any CPU
		{714B8894-F2F0-47D8-9B28-CD3B1E8D427A}.Release|Mixed Platforms.Build.0 = Release|Any CPU
		{714B8894-F2F0-47D8-9B28-CD3B1E8D427A}.Release|x86.ActiveCfg = Release|Any CPU
		{297F40EF-37FA-4208-8DB4-C2971AF2B313}.Debug|Any CPU.ActiveCfg = Debug|Any CPU
		{297F40EF-37FA-4208-8DB4-C2971AF2B313}.Debug|Any CPU.Build.0 = Debug|Any CPU
		{297F40EF-37FA-4208-8DB4-C2971AF2B313}.Debug|Mixed Platforms.ActiveCfg = Debug|Any CPU
		{297F40EF-37FA-4208-8DB4-C2971AF2B313}.Debug|Mixed Platforms.Build.0 = Debug|Any CPU
		{297F40EF-37FA-4208-8DB4-C2971AF2B313}.Debug|x86.ActiveCfg = Debug|Any CPU
		{297F40EF-37FA-4208-8DB4-C2971AF2B313}.Release|Any CPU.ActiveCfg = Release|Any CPU
		{297F40EF-37FA-4208-8DB4-C2971AF2B313}.Release|Any CPU.Build.0 = Release|Any CPU
		{297F40EF-37FA-4208-8DB4-C2971AF2B313}.Release|Mixed Platforms.ActiveCfg = Release|Any CPU
		{297F40EF-37FA-4208-8DB4-C2971AF2B313}.Release|Mixed Platforms.Build.0 = Release|Any CPU
		{297F40EF-37FA-4208-8DB4-C2971AF2B313}.Release|x86.ActiveCfg = Release|Any CPU
		{87219C0E-5FC0-41BA-9DD5-BAF5CA071A62}.Debug|Any CPU.ActiveCfg = Debug|Any CPU
		{87219C0E-5FC0-41BA-9DD5-BAF5CA071A62}.Debug|Any CPU.Build.0 = Debug|Any CPU
		{87219C0E-5FC0-41BA-9DD5-BAF5CA071A62}.Debug|Mixed Platforms.ActiveCfg = Debug|Any CPU
		{87219C0E-5FC0-41BA-9DD5-BAF5CA071A62}.Debug|Mixed Platforms.Build.0 = Debug|Any CPU
		{87219C0E-5FC0-41BA-9DD5-BAF5CA071A62}.Debug|x86.ActiveCfg = Debug|Any CPU
		{87219C0E-5FC0-41BA-9DD5-BAF5CA071A62}.Release|Any CPU.ActiveCfg = Release|Any CPU
		{87219C0E-5FC0-41BA-9DD5-BAF5CA071A62}.Release|Any CPU.Build.0 = Release|Any CPU
		{87219C0E-5FC0-41BA-9DD5-BAF5CA071A62}.Release|Mixed Platforms.ActiveCfg = Release|Any CPU
		{87219C0E-5FC0-41BA-9DD5-BAF5CA071A62}.Release|Mixed Platforms.Build.0 = Release|Any CPU
		{87219C0E-5FC0-41BA-9DD5-BAF5CA071A62}.Release|x86.ActiveCfg = Release|Any CPU
		{1A56BCF5-74AA-475C-8235-30783D7C4A76}.Debug|Any CPU.ActiveCfg = Debug|Any CPU
		{1A56BCF5-74AA-475C-8235-30783D7C4A76}.Debug|Any CPU.Build.0 = Debug|Any CPU
		{1A56BCF5-74AA-475C-8235-30783D7C4A76}.Debug|Mixed Platforms.ActiveCfg = Debug|Any CPU
		{1A56BCF5-74AA-475C-8235-30783D7C4A76}.Debug|Mixed Platforms.Build.0 = Debug|Any CPU
		{1A56BCF5-74AA-475C-8235-30783D7C4A76}.Debug|x86.ActiveCfg = Debug|Any CPU
		{1A56BCF5-74AA-475C-8235-30783D7C4A76}.Release|Any CPU.ActiveCfg = Release|Any CPU
		{1A56BCF5-74AA-475C-8235-30783D7C4A76}.Release|Any CPU.Build.0 = Release|Any CPU
		{1A56BCF5-74AA-475C-8235-30783D7C4A76}.Release|Mixed Platforms.ActiveCfg = Release|Any CPU
		{1A56BCF5-74AA-475C-8235-30783D7C4A76}.Release|Mixed Platforms.Build.0 = Release|Any CPU
		{1A56BCF5-74AA-475C-8235-30783D7C4A76}.Release|x86.ActiveCfg = Release|Any CPU
		{5DBE28DE-BB5D-476A-8F41-041503528FE1}.Debug|Any CPU.ActiveCfg = Debug|Any CPU
		{5DBE28DE-BB5D-476A-8F41-041503528FE1}.Debug|Any CPU.Build.0 = Debug|Any CPU
		{5DBE28DE-BB5D-476A-8F41-041503528FE1}.Debug|Mixed Platforms.ActiveCfg = Debug|Any CPU
		{5DBE28DE-BB5D-476A-8F41-041503528FE1}.Debug|Mixed Platforms.Build.0 = Debug|Any CPU
		{5DBE28DE-BB5D-476A-8F41-041503528FE1}.Debug|x86.ActiveCfg = Debug|Any CPU
		{5DBE28DE-BB5D-476A-8F41-041503528FE1}.Release|Any CPU.ActiveCfg = Release|Any CPU
		{5DBE28DE-BB5D-476A-8F41-041503528FE1}.Release|Any CPU.Build.0 = Release|Any CPU
		{5DBE28DE-BB5D-476A-8F41-041503528FE1}.Release|Mixed Platforms.ActiveCfg = Release|Any CPU
		{5DBE28DE-BB5D-476A-8F41-041503528FE1}.Release|Mixed Platforms.Build.0 = Release|Any CPU
		{5DBE28DE-BB5D-476A-8F41-041503528FE1}.Release|x86.ActiveCfg = Release|Any CPU
		{40F992BF-DE42-43C4-A1FE-C2B84A6BA4BB}.Debug|Any CPU.ActiveCfg = Debug|Any CPU
		{40F992BF-DE42-43C4-A1FE-C2B84A6BA4BB}.Debug|Any CPU.Build.0 = Debug|Any CPU
		{40F992BF-DE42-43C4-A1FE-C2B84A6BA4BB}.Debug|Mixed Platforms.ActiveCfg = Debug|Any CPU
		{40F992BF-DE42-43C4-A1FE-C2B84A6BA4BB}.Debug|Mixed Platforms.Build.0 = Debug|Any CPU
		{40F992BF-DE42-43C4-A1FE-C2B84A6BA4BB}.Debug|x86.ActiveCfg = Debug|Any CPU
		{40F992BF-DE42-43C4-A1FE-C2B84A6BA4BB}.Release|Any CPU.ActiveCfg = Release|Any CPU
		{40F992BF-DE42-43C4-A1FE-C2B84A6BA4BB}.Release|Any CPU.Build.0 = Release|Any CPU
		{40F992BF-DE42-43C4-A1FE-C2B84A6BA4BB}.Release|Mixed Platforms.ActiveCfg = Release|Any CPU
		{40F992BF-DE42-43C4-A1FE-C2B84A6BA4BB}.Release|Mixed Platforms.Build.0 = Release|Any CPU
		{40F992BF-DE42-43C4-A1FE-C2B84A6BA4BB}.Release|x86.ActiveCfg = Release|Any CPU
		{666B77A2-5BF1-419C-BFF2-C5F6B5CB95F6}.Debug|Any CPU.ActiveCfg = Debug|Any CPU
		{666B77A2-5BF1-419C-BFF2-C5F6B5CB95F6}.Debug|Any CPU.Build.0 = Debug|Any CPU
		{666B77A2-5BF1-419C-BFF2-C5F6B5CB95F6}.Debug|Mixed Platforms.ActiveCfg = Debug|Any CPU
		{666B77A2-5BF1-419C-BFF2-C5F6B5CB95F6}.Debug|Mixed Platforms.Build.0 = Debug|Any CPU
		{666B77A2-5BF1-419C-BFF2-C5F6B5CB95F6}.Debug|x86.ActiveCfg = Debug|Any CPU
		{666B77A2-5BF1-419C-BFF2-C5F6B5CB95F6}.Release|Any CPU.ActiveCfg = Release|Any CPU
		{666B77A2-5BF1-419C-BFF2-C5F6B5CB95F6}.Release|Any CPU.Build.0 = Release|Any CPU
		{666B77A2-5BF1-419C-BFF2-C5F6B5CB95F6}.Release|Mixed Platforms.ActiveCfg = Release|Any CPU
		{666B77A2-5BF1-419C-BFF2-C5F6B5CB95F6}.Release|Mixed Platforms.Build.0 = Release|Any CPU
		{666B77A2-5BF1-419C-BFF2-C5F6B5CB95F6}.Release|x86.ActiveCfg = Release|Any CPU
		{82CDAB8E-15B0-4EB4-A454-261D210559C4}.Debug|Any CPU.ActiveCfg = Debug|Any CPU
		{82CDAB8E-15B0-4EB4-A454-261D210559C4}.Debug|Any CPU.Build.0 = Debug|Any CPU
		{82CDAB8E-15B0-4EB4-A454-261D210559C4}.Debug|Mixed Platforms.ActiveCfg = Debug|Any CPU
		{82CDAB8E-15B0-4EB4-A454-261D210559C4}.Debug|Mixed Platforms.Build.0 = Debug|Any CPU
		{82CDAB8E-15B0-4EB4-A454-261D210559C4}.Debug|x86.ActiveCfg = Debug|Any CPU
		{82CDAB8E-15B0-4EB4-A454-261D210559C4}.Release|Any CPU.ActiveCfg = Release|Any CPU
		{82CDAB8E-15B0-4EB4-A454-261D210559C4}.Release|Any CPU.Build.0 = Release|Any CPU
		{82CDAB8E-15B0-4EB4-A454-261D210559C4}.Release|Mixed Platforms.ActiveCfg = Release|Any CPU
		{82CDAB8E-15B0-4EB4-A454-261D210559C4}.Release|Mixed Platforms.Build.0 = Release|Any CPU
		{82CDAB8E-15B0-4EB4-A454-261D210559C4}.Release|x86.ActiveCfg = Release|Any CPU
		{DA829B91-7E2D-4A3F-9960-2C6FA83B035D}.Debug|Any CPU.ActiveCfg = Debug|Any CPU
		{DA829B91-7E2D-4A3F-9960-2C6FA83B035D}.Debug|Any CPU.Build.0 = Debug|Any CPU
		{DA829B91-7E2D-4A3F-9960-2C6FA83B035D}.Debug|Mixed Platforms.ActiveCfg = Debug|Any CPU
		{DA829B91-7E2D-4A3F-9960-2C6FA83B035D}.Debug|Mixed Platforms.Build.0 = Debug|Any CPU
		{DA829B91-7E2D-4A3F-9960-2C6FA83B035D}.Debug|x86.ActiveCfg = Debug|Any CPU
		{DA829B91-7E2D-4A3F-9960-2C6FA83B035D}.Release|Any CPU.ActiveCfg = Release|Any CPU
		{DA829B91-7E2D-4A3F-9960-2C6FA83B035D}.Release|Any CPU.Build.0 = Release|Any CPU
		{DA829B91-7E2D-4A3F-9960-2C6FA83B035D}.Release|Mixed Platforms.ActiveCfg = Release|Any CPU
		{DA829B91-7E2D-4A3F-9960-2C6FA83B035D}.Release|Mixed Platforms.Build.0 = Release|Any CPU
		{DA829B91-7E2D-4A3F-9960-2C6FA83B035D}.Release|x86.ActiveCfg = Release|Any CPU
		{B6FFF5EC-D208-48BB-9B53-99B7418F7D17}.Debug|Any CPU.ActiveCfg = Debug|Any CPU
		{B6FFF5EC-D208-48BB-9B53-99B7418F7D17}.Debug|Any CPU.Build.0 = Debug|Any CPU
		{B6FFF5EC-D208-48BB-9B53-99B7418F7D17}.Debug|Mixed Platforms.ActiveCfg = Debug|Any CPU
		{B6FFF5EC-D208-48BB-9B53-99B7418F7D17}.Debug|Mixed Platforms.Build.0 = Debug|Any CPU
		{B6FFF5EC-D208-48BB-9B53-99B7418F7D17}.Debug|x86.ActiveCfg = Debug|Any CPU
		{B6FFF5EC-D208-48BB-9B53-99B7418F7D17}.Release|Any CPU.ActiveCfg = Release|Any CPU
		{B6FFF5EC-D208-48BB-9B53-99B7418F7D17}.Release|Any CPU.Build.0 = Release|Any CPU
		{B6FFF5EC-D208-48BB-9B53-99B7418F7D17}.Release|Mixed Platforms.ActiveCfg = Release|Any CPU
		{B6FFF5EC-D208-48BB-9B53-99B7418F7D17}.Release|Mixed Platforms.Build.0 = Release|Any CPU
		{B6FFF5EC-D208-48BB-9B53-99B7418F7D17}.Release|x86.ActiveCfg = Release|Any CPU
		{8E159800-4F4F-4457-A2E9-C30E9CE95338}.Debug|Any CPU.ActiveCfg = Debug|Any CPU
		{8E159800-4F4F-4457-A2E9-C30E9CE95338}.Debug|Any CPU.Build.0 = Debug|Any CPU
		{8E159800-4F4F-4457-A2E9-C30E9CE95338}.Debug|Mixed Platforms.ActiveCfg = Debug|Any CPU
		{8E159800-4F4F-4457-A2E9-C30E9CE95338}.Debug|Mixed Platforms.Build.0 = Debug|Any CPU
		{8E159800-4F4F-4457-A2E9-C30E9CE95338}.Debug|x86.ActiveCfg = Debug|Any CPU
		{8E159800-4F4F-4457-A2E9-C30E9CE95338}.Release|Any CPU.ActiveCfg = Release|Any CPU
		{8E159800-4F4F-4457-A2E9-C30E9CE95338}.Release|Any CPU.Build.0 = Release|Any CPU
		{8E159800-4F4F-4457-A2E9-C30E9CE95338}.Release|Mixed Platforms.ActiveCfg = Release|Any CPU
		{8E159800-4F4F-4457-A2E9-C30E9CE95338}.Release|Mixed Platforms.Build.0 = Release|Any CPU
		{8E159800-4F4F-4457-A2E9-C30E9CE95338}.Release|x86.ActiveCfg = Release|Any CPU
		{B3E5EB44-93F4-42AD-8A12-5AB35B157652}.Debug|Any CPU.ActiveCfg = Debug|Any CPU
		{B3E5EB44-93F4-42AD-8A12-5AB35B157652}.Debug|Any CPU.Build.0 = Debug|Any CPU
		{B3E5EB44-93F4-42AD-8A12-5AB35B157652}.Debug|Mixed Platforms.ActiveCfg = Debug|Any CPU
		{B3E5EB44-93F4-42AD-8A12-5AB35B157652}.Debug|Mixed Platforms.Build.0 = Debug|Any CPU
		{B3E5EB44-93F4-42AD-8A12-5AB35B157652}.Debug|x86.ActiveCfg = Debug|Any CPU
		{B3E5EB44-93F4-42AD-8A12-5AB35B157652}.Release|Any CPU.ActiveCfg = Release|Any CPU
		{B3E5EB44-93F4-42AD-8A12-5AB35B157652}.Release|Any CPU.Build.0 = Release|Any CPU
		{B3E5EB44-93F4-42AD-8A12-5AB35B157652}.Release|Mixed Platforms.ActiveCfg = Release|Any CPU
		{B3E5EB44-93F4-42AD-8A12-5AB35B157652}.Release|Mixed Platforms.Build.0 = Release|Any CPU
		{B3E5EB44-93F4-42AD-8A12-5AB35B157652}.Release|x86.ActiveCfg = Release|Any CPU
		{788CBC30-25E8-434C-8A5B-D3D2C4111327}.Debug|Any CPU.ActiveCfg = Debug|Any CPU
		{788CBC30-25E8-434C-8A5B-D3D2C4111327}.Debug|Any CPU.Build.0 = Debug|Any CPU
		{788CBC30-25E8-434C-8A5B-D3D2C4111327}.Debug|Mixed Platforms.ActiveCfg = Debug|Any CPU
		{788CBC30-25E8-434C-8A5B-D3D2C4111327}.Debug|Mixed Platforms.Build.0 = Debug|Any CPU
		{788CBC30-25E8-434C-8A5B-D3D2C4111327}.Debug|x86.ActiveCfg = Debug|Any CPU
		{788CBC30-25E8-434C-8A5B-D3D2C4111327}.Release|Any CPU.ActiveCfg = Release|Any CPU
		{788CBC30-25E8-434C-8A5B-D3D2C4111327}.Release|Any CPU.Build.0 = Release|Any CPU
		{788CBC30-25E8-434C-8A5B-D3D2C4111327}.Release|Mixed Platforms.ActiveCfg = Release|Any CPU
		{788CBC30-25E8-434C-8A5B-D3D2C4111327}.Release|Mixed Platforms.Build.0 = Release|Any CPU
		{788CBC30-25E8-434C-8A5B-D3D2C4111327}.Release|x86.ActiveCfg = Release|Any CPU
		{68326905-ABE8-47FF-B458-5DD28431790A}.Debug|Any CPU.ActiveCfg = Debug|Any CPU
		{68326905-ABE8-47FF-B458-5DD28431790A}.Debug|Any CPU.Build.0 = Debug|Any CPU
		{68326905-ABE8-47FF-B458-5DD28431790A}.Debug|Mixed Platforms.ActiveCfg = Debug|Any CPU
		{68326905-ABE8-47FF-B458-5DD28431790A}.Debug|Mixed Platforms.Build.0 = Debug|Any CPU
		{68326905-ABE8-47FF-B458-5DD28431790A}.Debug|x86.ActiveCfg = Debug|Any CPU
		{68326905-ABE8-47FF-B458-5DD28431790A}.Release|Any CPU.ActiveCfg = Release|Any CPU
		{68326905-ABE8-47FF-B458-5DD28431790A}.Release|Any CPU.Build.0 = Release|Any CPU
		{68326905-ABE8-47FF-B458-5DD28431790A}.Release|Mixed Platforms.ActiveCfg = Release|Any CPU
		{68326905-ABE8-47FF-B458-5DD28431790A}.Release|Mixed Platforms.Build.0 = Release|Any CPU
		{68326905-ABE8-47FF-B458-5DD28431790A}.Release|x86.ActiveCfg = Release|Any CPU
		{FB5E50BF-3B4E-42EF-8F6C-F5B3435B56C7}.Debug|Any CPU.ActiveCfg = Debug|Any CPU
		{FB5E50BF-3B4E-42EF-8F6C-F5B3435B56C7}.Debug|Any CPU.Build.0 = Debug|Any CPU
		{FB5E50BF-3B4E-42EF-8F6C-F5B3435B56C7}.Debug|Mixed Platforms.ActiveCfg = Debug|Any CPU
		{FB5E50BF-3B4E-42EF-8F6C-F5B3435B56C7}.Debug|Mixed Platforms.Build.0 = Debug|Any CPU
		{FB5E50BF-3B4E-42EF-8F6C-F5B3435B56C7}.Debug|x86.ActiveCfg = Debug|Any CPU
		{FB5E50BF-3B4E-42EF-8F6C-F5B3435B56C7}.Release|Any CPU.ActiveCfg = Release|Any CPU
		{FB5E50BF-3B4E-42EF-8F6C-F5B3435B56C7}.Release|Any CPU.Build.0 = Release|Any CPU
		{FB5E50BF-3B4E-42EF-8F6C-F5B3435B56C7}.Release|Mixed Platforms.ActiveCfg = Release|Any CPU
		{FB5E50BF-3B4E-42EF-8F6C-F5B3435B56C7}.Release|Mixed Platforms.Build.0 = Release|Any CPU
		{FB5E50BF-3B4E-42EF-8F6C-F5B3435B56C7}.Release|x86.ActiveCfg = Release|Any CPU
		{ED7C8BAC-092D-4840-AEC5-E610E29FB86E}.Debug|Any CPU.ActiveCfg = Debug|x86
		{ED7C8BAC-092D-4840-AEC5-E610E29FB86E}.Debug|Mixed Platforms.ActiveCfg = Debug|x86
		{ED7C8BAC-092D-4840-AEC5-E610E29FB86E}.Debug|Mixed Platforms.Build.0 = Debug|x86
		{ED7C8BAC-092D-4840-AEC5-E610E29FB86E}.Debug|x86.ActiveCfg = Debug|x86
		{ED7C8BAC-092D-4840-AEC5-E610E29FB86E}.Debug|x86.Build.0 = Debug|x86
		{ED7C8BAC-092D-4840-AEC5-E610E29FB86E}.Release|Any CPU.ActiveCfg = Release|x86
		{ED7C8BAC-092D-4840-AEC5-E610E29FB86E}.Release|Mixed Platforms.ActiveCfg = Release|x86
		{ED7C8BAC-092D-4840-AEC5-E610E29FB86E}.Release|Mixed Platforms.Build.0 = Release|x86
		{ED7C8BAC-092D-4840-AEC5-E610E29FB86E}.Release|x86.ActiveCfg = Release|x86
		{ED7C8BAC-092D-4840-AEC5-E610E29FB86E}.Release|x86.Build.0 = Release|x86
		{CE220064-0FAF-4AF0-85F7-CF097B4EBD66}.Debug|Any CPU.ActiveCfg = Debug|Any CPU
		{CE220064-0FAF-4AF0-85F7-CF097B4EBD66}.Debug|Any CPU.Build.0 = Debug|Any CPU
		{CE220064-0FAF-4AF0-85F7-CF097B4EBD66}.Debug|Mixed Platforms.ActiveCfg = Debug|Any CPU
		{CE220064-0FAF-4AF0-85F7-CF097B4EBD66}.Debug|Mixed Platforms.Build.0 = Debug|Any CPU
		{CE220064-0FAF-4AF0-85F7-CF097B4EBD66}.Debug|x86.ActiveCfg = Debug|Any CPU
		{CE220064-0FAF-4AF0-85F7-CF097B4EBD66}.Release|Any CPU.ActiveCfg = Release|Any CPU
		{CE220064-0FAF-4AF0-85F7-CF097B4EBD66}.Release|Any CPU.Build.0 = Release|Any CPU
		{CE220064-0FAF-4AF0-85F7-CF097B4EBD66}.Release|Mixed Platforms.ActiveCfg = Release|Any CPU
		{CE220064-0FAF-4AF0-85F7-CF097B4EBD66}.Release|Mixed Platforms.Build.0 = Release|Any CPU
		{CE220064-0FAF-4AF0-85F7-CF097B4EBD66}.Release|x86.ActiveCfg = Release|Any CPU
		{72824025-48A2-4FBA-9332-252CBE0565E1}.Debug|Any CPU.ActiveCfg = Debug|Any CPU
		{72824025-48A2-4FBA-9332-252CBE0565E1}.Debug|Any CPU.Build.0 = Debug|Any CPU
		{72824025-48A2-4FBA-9332-252CBE0565E1}.Debug|Mixed Platforms.ActiveCfg = Debug|Any CPU
		{72824025-48A2-4FBA-9332-252CBE0565E1}.Debug|Mixed Platforms.Build.0 = Debug|Any CPU
		{72824025-48A2-4FBA-9332-252CBE0565E1}.Debug|x86.ActiveCfg = Debug|Any CPU
		{72824025-48A2-4FBA-9332-252CBE0565E1}.Release|Any CPU.ActiveCfg = Release|Any CPU
		{72824025-48A2-4FBA-9332-252CBE0565E1}.Release|Any CPU.Build.0 = Release|Any CPU
		{72824025-48A2-4FBA-9332-252CBE0565E1}.Release|Mixed Platforms.ActiveCfg = Release|Any CPU
		{72824025-48A2-4FBA-9332-252CBE0565E1}.Release|Mixed Platforms.Build.0 = Release|Any CPU
		{72824025-48A2-4FBA-9332-252CBE0565E1}.Release|x86.ActiveCfg = Release|Any CPU
		{BD323209-10EE-44AA-A654-59AB29D32175}.Debug|Any CPU.ActiveCfg = Debug|x86
		{BD323209-10EE-44AA-A654-59AB29D32175}.Debug|Mixed Platforms.ActiveCfg = Debug|x86
		{BD323209-10EE-44AA-A654-59AB29D32175}.Debug|Mixed Platforms.Build.0 = Debug|x86
		{BD323209-10EE-44AA-A654-59AB29D32175}.Debug|x86.ActiveCfg = Debug|x86
		{BD323209-10EE-44AA-A654-59AB29D32175}.Debug|x86.Build.0 = Debug|x86
		{BD323209-10EE-44AA-A654-59AB29D32175}.Release|Any CPU.ActiveCfg = Release|x86
		{BD323209-10EE-44AA-A654-59AB29D32175}.Release|Mixed Platforms.ActiveCfg = Release|x86
		{BD323209-10EE-44AA-A654-59AB29D32175}.Release|Mixed Platforms.Build.0 = Release|x86
		{BD323209-10EE-44AA-A654-59AB29D32175}.Release|x86.ActiveCfg = Release|x86
		{BD323209-10EE-44AA-A654-59AB29D32175}.Release|x86.Build.0 = Release|x86
		{1EBCC0D6-A725-4468-8625-19443A34A449}.Debug|Any CPU.ActiveCfg = Debug|x86
		{1EBCC0D6-A725-4468-8625-19443A34A449}.Debug|Mixed Platforms.ActiveCfg = Debug|x86
		{1EBCC0D6-A725-4468-8625-19443A34A449}.Debug|Mixed Platforms.Build.0 = Debug|x86
		{1EBCC0D6-A725-4468-8625-19443A34A449}.Debug|x86.ActiveCfg = Debug|x86
		{1EBCC0D6-A725-4468-8625-19443A34A449}.Debug|x86.Build.0 = Debug|x86
		{1EBCC0D6-A725-4468-8625-19443A34A449}.Release|Any CPU.ActiveCfg = Release|x86
		{1EBCC0D6-A725-4468-8625-19443A34A449}.Release|Mixed Platforms.ActiveCfg = Release|x86
		{1EBCC0D6-A725-4468-8625-19443A34A449}.Release|Mixed Platforms.Build.0 = Release|x86
		{1EBCC0D6-A725-4468-8625-19443A34A449}.Release|x86.ActiveCfg = Release|x86
		{1EBCC0D6-A725-4468-8625-19443A34A449}.Release|x86.Build.0 = Release|x86
		{71423877-5760-466C-8E91-3EE0CE4DDA8D}.Debug|Any CPU.ActiveCfg = Debug|x86
		{71423877-5760-466C-8E91-3EE0CE4DDA8D}.Debug|Mixed Platforms.ActiveCfg = Debug|x86
		{71423877-5760-466C-8E91-3EE0CE4DDA8D}.Debug|Mixed Platforms.Build.0 = Debug|x86
		{71423877-5760-466C-8E91-3EE0CE4DDA8D}.Debug|x86.ActiveCfg = Debug|x86
		{71423877-5760-466C-8E91-3EE0CE4DDA8D}.Debug|x86.Build.0 = Debug|x86
		{71423877-5760-466C-8E91-3EE0CE4DDA8D}.Release|Any CPU.ActiveCfg = Release|x86
		{71423877-5760-466C-8E91-3EE0CE4DDA8D}.Release|Mixed Platforms.ActiveCfg = Release|x86
		{71423877-5760-466C-8E91-3EE0CE4DDA8D}.Release|Mixed Platforms.Build.0 = Release|x86
		{71423877-5760-466C-8E91-3EE0CE4DDA8D}.Release|x86.ActiveCfg = Release|x86
		{71423877-5760-466C-8E91-3EE0CE4DDA8D}.Release|x86.Build.0 = Release|x86
		{D589B854-F2FA-404F-89A0-9D576DCEF599}.Debug|Any CPU.ActiveCfg = Debug|Any CPU
		{D589B854-F2FA-404F-89A0-9D576DCEF599}.Debug|Any CPU.Build.0 = Debug|Any CPU
		{D589B854-F2FA-404F-89A0-9D576DCEF599}.Debug|Mixed Platforms.ActiveCfg = Debug|Any CPU
		{D589B854-F2FA-404F-89A0-9D576DCEF599}.Debug|Mixed Platforms.Build.0 = Debug|Any CPU
		{D589B854-F2FA-404F-89A0-9D576DCEF599}.Debug|x86.ActiveCfg = Debug|Any CPU
		{D589B854-F2FA-404F-89A0-9D576DCEF599}.Release|Any CPU.ActiveCfg = Release|Any CPU
		{D589B854-F2FA-404F-89A0-9D576DCEF599}.Release|Any CPU.Build.0 = Release|Any CPU
		{D589B854-F2FA-404F-89A0-9D576DCEF599}.Release|Mixed Platforms.ActiveCfg = Release|Any CPU
		{D589B854-F2FA-404F-89A0-9D576DCEF599}.Release|Mixed Platforms.Build.0 = Release|Any CPU
		{D589B854-F2FA-404F-89A0-9D576DCEF599}.Release|x86.ActiveCfg = Release|Any CPU
		{EE4B263E-F1A1-4E92-A4FA-64656813FB86}.Debug|Any CPU.ActiveCfg = Debug|Any CPU
		{EE4B263E-F1A1-4E92-A4FA-64656813FB86}.Debug|Any CPU.Build.0 = Debug|Any CPU
		{EE4B263E-F1A1-4E92-A4FA-64656813FB86}.Debug|Mixed Platforms.ActiveCfg = Debug|Any CPU
		{EE4B263E-F1A1-4E92-A4FA-64656813FB86}.Debug|Mixed Platforms.Build.0 = Debug|Any CPU
		{EE4B263E-F1A1-4E92-A4FA-64656813FB86}.Debug|x86.ActiveCfg = Debug|Any CPU
		{EE4B263E-F1A1-4E92-A4FA-64656813FB86}.Release|Any CPU.ActiveCfg = Release|Any CPU
		{EE4B263E-F1A1-4E92-A4FA-64656813FB86}.Release|Any CPU.Build.0 = Release|Any CPU
		{EE4B263E-F1A1-4E92-A4FA-64656813FB86}.Release|Mixed Platforms.ActiveCfg = Release|Any CPU
		{EE4B263E-F1A1-4E92-A4FA-64656813FB86}.Release|Mixed Platforms.Build.0 = Release|Any CPU
		{EE4B263E-F1A1-4E92-A4FA-64656813FB86}.Release|x86.ActiveCfg = Release|Any CPU
		{2F1EBB5F-33DE-4C77-8F4A-96824AEF3795}.Debug|Any CPU.ActiveCfg = Debug|Any CPU
		{2F1EBB5F-33DE-4C77-8F4A-96824AEF3795}.Debug|Any CPU.Build.0 = Debug|Any CPU
		{2F1EBB5F-33DE-4C77-8F4A-96824AEF3795}.Debug|Mixed Platforms.ActiveCfg = Debug|Any CPU
		{2F1EBB5F-33DE-4C77-8F4A-96824AEF3795}.Debug|Mixed Platforms.Build.0 = Debug|Any CPU
		{2F1EBB5F-33DE-4C77-8F4A-96824AEF3795}.Debug|x86.ActiveCfg = Debug|Any CPU
		{2F1EBB5F-33DE-4C77-8F4A-96824AEF3795}.Release|Any CPU.ActiveCfg = Release|Any CPU
		{2F1EBB5F-33DE-4C77-8F4A-96824AEF3795}.Release|Any CPU.Build.0 = Release|Any CPU
		{2F1EBB5F-33DE-4C77-8F4A-96824AEF3795}.Release|Mixed Platforms.ActiveCfg = Release|Any CPU
		{2F1EBB5F-33DE-4C77-8F4A-96824AEF3795}.Release|Mixed Platforms.Build.0 = Release|Any CPU
		{2F1EBB5F-33DE-4C77-8F4A-96824AEF3795}.Release|x86.ActiveCfg = Release|Any CPU
		{39238486-5C53-42D1-93DF-3CA9565F8FB3}.Debug|Any CPU.ActiveCfg = Debug|x86
		{39238486-5C53-42D1-93DF-3CA9565F8FB3}.Debug|Mixed Platforms.ActiveCfg = Debug|x86
		{39238486-5C53-42D1-93DF-3CA9565F8FB3}.Debug|Mixed Platforms.Build.0 = Debug|x86
		{39238486-5C53-42D1-93DF-3CA9565F8FB3}.Debug|x86.ActiveCfg = Debug|x86
		{39238486-5C53-42D1-93DF-3CA9565F8FB3}.Debug|x86.Build.0 = Debug|x86
		{39238486-5C53-42D1-93DF-3CA9565F8FB3}.Release|Any CPU.ActiveCfg = Release|x86
		{39238486-5C53-42D1-93DF-3CA9565F8FB3}.Release|Mixed Platforms.ActiveCfg = Release|x86
		{39238486-5C53-42D1-93DF-3CA9565F8FB3}.Release|Mixed Platforms.Build.0 = Release|x86
		{39238486-5C53-42D1-93DF-3CA9565F8FB3}.Release|x86.ActiveCfg = Release|x86
		{39238486-5C53-42D1-93DF-3CA9565F8FB3}.Release|x86.Build.0 = Release|x86
		{5A9F8DF7-EBC7-4CBF-A295-6D7EC9C20EED}.Debug|Any CPU.ActiveCfg = Debug|Any CPU
		{5A9F8DF7-EBC7-4CBF-A295-6D7EC9C20EED}.Debug|Any CPU.Build.0 = Debug|Any CPU
		{5A9F8DF7-EBC7-4CBF-A295-6D7EC9C20EED}.Debug|Mixed Platforms.ActiveCfg = Debug|Any CPU
		{5A9F8DF7-EBC7-4CBF-A295-6D7EC9C20EED}.Debug|Mixed Platforms.Build.0 = Debug|Any CPU
		{5A9F8DF7-EBC7-4CBF-A295-6D7EC9C20EED}.Debug|x86.ActiveCfg = Debug|Any CPU
		{5A9F8DF7-EBC7-4CBF-A295-6D7EC9C20EED}.Release|Any CPU.ActiveCfg = Release|Any CPU
		{5A9F8DF7-EBC7-4CBF-A295-6D7EC9C20EED}.Release|Any CPU.Build.0 = Release|Any CPU
		{5A9F8DF7-EBC7-4CBF-A295-6D7EC9C20EED}.Release|Mixed Platforms.ActiveCfg = Release|Any CPU
		{5A9F8DF7-EBC7-4CBF-A295-6D7EC9C20EED}.Release|Mixed Platforms.Build.0 = Release|Any CPU
		{5A9F8DF7-EBC7-4CBF-A295-6D7EC9C20EED}.Release|x86.ActiveCfg = Release|Any CPU
		{5275AC3F-46BF-47B1-B0EC-9493D9E1B6AD}.Debug|Any CPU.ActiveCfg = Debug|Any CPU
		{5275AC3F-46BF-47B1-B0EC-9493D9E1B6AD}.Debug|Any CPU.Build.0 = Debug|Any CPU
		{5275AC3F-46BF-47B1-B0EC-9493D9E1B6AD}.Debug|Mixed Platforms.ActiveCfg = Debug|Any CPU
		{5275AC3F-46BF-47B1-B0EC-9493D9E1B6AD}.Debug|Mixed Platforms.Build.0 = Debug|Any CPU
		{5275AC3F-46BF-47B1-B0EC-9493D9E1B6AD}.Debug|x86.ActiveCfg = Debug|Any CPU
		{5275AC3F-46BF-47B1-B0EC-9493D9E1B6AD}.Debug|x86.Build.0 = Debug|Any CPU
		{5275AC3F-46BF-47B1-B0EC-9493D9E1B6AD}.Release|Any CPU.ActiveCfg = Release|Any CPU
		{5275AC3F-46BF-47B1-B0EC-9493D9E1B6AD}.Release|Any CPU.Build.0 = Release|Any CPU
		{5275AC3F-46BF-47B1-B0EC-9493D9E1B6AD}.Release|Mixed Platforms.ActiveCfg = Release|Any CPU
		{5275AC3F-46BF-47B1-B0EC-9493D9E1B6AD}.Release|Mixed Platforms.Build.0 = Release|Any CPU
		{5275AC3F-46BF-47B1-B0EC-9493D9E1B6AD}.Release|x86.ActiveCfg = Release|Any CPU
		{5275AC3F-46BF-47B1-B0EC-9493D9E1B6AD}.Release|x86.Build.0 = Release|Any CPU
		{83327E85-6D9D-47CB-B415-63F596E03C7A}.Debug|Any CPU.ActiveCfg = Debug|Any CPU
		{83327E85-6D9D-47CB-B415-63F596E03C7A}.Debug|Any CPU.Build.0 = Debug|Any CPU
		{83327E85-6D9D-47CB-B415-63F596E03C7A}.Debug|Mixed Platforms.ActiveCfg = Debug|Any CPU
		{83327E85-6D9D-47CB-B415-63F596E03C7A}.Debug|Mixed Platforms.Build.0 = Debug|Any CPU
		{83327E85-6D9D-47CB-B415-63F596E03C7A}.Debug|x86.ActiveCfg = Debug|Any CPU
		{83327E85-6D9D-47CB-B415-63F596E03C7A}.Debug|x86.Build.0 = Debug|Any CPU
		{83327E85-6D9D-47CB-B415-63F596E03C7A}.Release|Any CPU.ActiveCfg = Release|Any CPU
		{83327E85-6D9D-47CB-B415-63F596E03C7A}.Release|Any CPU.Build.0 = Release|Any CPU
		{83327E85-6D9D-47CB-B415-63F596E03C7A}.Release|Mixed Platforms.ActiveCfg = Release|Any CPU
		{83327E85-6D9D-47CB-B415-63F596E03C7A}.Release|Mixed Platforms.Build.0 = Release|Any CPU
		{83327E85-6D9D-47CB-B415-63F596E03C7A}.Release|x86.ActiveCfg = Release|Any CPU
		{83327E85-6D9D-47CB-B415-63F596E03C7A}.Release|x86.Build.0 = Release|Any CPU
	EndGlobalSection
	GlobalSection(SolutionProperties) = preSolution
		HideSolutionNode = FALSE
	EndGlobalSection
	GlobalSection(NestedProjects) = preSolution
		{7E4AFEC9-19CF-4356-A212-EFFB29F8CC32} = {50F8FFBF-F74B-4EBB-9F99-7CD4E6FA292C}
		{A8EB7717-F5DE-419A-BB10-D213BC6FA654} = {1A06B80C-EDAE-46B3-B7B3-6F641EE03BA6}
		{2598AAA5-67A3-4952-B104-AB96BD0D5C0D} = {1A06B80C-EDAE-46B3-B7B3-6F641EE03BA6}
		{472A71E6-C7E4-4556-9ABA-189EE345E9E8} = {1A06B80C-EDAE-46B3-B7B3-6F641EE03BA6}
		{F648F504-2515-4700-8B2F-64C3931ED954} = {1A06B80C-EDAE-46B3-B7B3-6F641EE03BA6}
		{19F826FF-DBA3-4490-AE04-2D08959EFBA4} = {F72F28DC-FD0C-4904-A174-5DAD48250E22}
		{65E396D7-23B0-4E84-8553-BB517DB9245C} = {F72F28DC-FD0C-4904-A174-5DAD48250E22}
		{714B8894-F2F0-47D8-9B28-CD3B1E8D427A} = {F3F09E8E-51C5-4F8B-A4F4-E17F8FC204C1}
		{297F40EF-37FA-4208-8DB4-C2971AF2B313} = {0EA3132A-669C-4228-8684-3B98AE876BEF}
		{87219C0E-5FC0-41BA-9DD5-BAF5CA071A62} = {0EA3132A-669C-4228-8684-3B98AE876BEF}
		{1A56BCF5-74AA-475C-8235-30783D7C4A76} = {0EA3132A-669C-4228-8684-3B98AE876BEF}
		{5DBE28DE-BB5D-476A-8F41-041503528FE1} = {0EA3132A-669C-4228-8684-3B98AE876BEF}
		{40F992BF-DE42-43C4-A1FE-C2B84A6BA4BB} = {0EA3132A-669C-4228-8684-3B98AE876BEF}
		{666B77A2-5BF1-419C-BFF2-C5F6B5CB95F6} = {0EA3132A-669C-4228-8684-3B98AE876BEF}
		{82CDAB8E-15B0-4EB4-A454-261D210559C4} = {0EA3132A-669C-4228-8684-3B98AE876BEF}
		{DA829B91-7E2D-4A3F-9960-2C6FA83B035D} = {0EA3132A-669C-4228-8684-3B98AE876BEF}
		{B6FFF5EC-D208-48BB-9B53-99B7418F7D17} = {0EA3132A-669C-4228-8684-3B98AE876BEF}
		{8E159800-4F4F-4457-A2E9-C30E9CE95338} = {E2EEE209-6C34-4FDD-9ADA-89A2CAC5E78F}
		{B3E5EB44-93F4-42AD-8A12-5AB35B157652} = {A26DA5FE-E41B-458F-AA90-EB0ADC43E39B}
		{788CBC30-25E8-434C-8A5B-D3D2C4111327} = {E2EEE209-6C34-4FDD-9ADA-89A2CAC5E78F}
		{68326905-ABE8-47FF-B458-5DD28431790A} = {E2EEE209-6C34-4FDD-9ADA-89A2CAC5E78F}
		{FB5E50BF-3B4E-42EF-8F6C-F5B3435B56C7} = {E2EEE209-6C34-4FDD-9ADA-89A2CAC5E78F}
		{ED7C8BAC-092D-4840-AEC5-E610E29FB86E} = {5DB13D03-2513-4181-B5BF-891A6974B4A6}
		{CE220064-0FAF-4AF0-85F7-CF097B4EBD66} = {E2EEE209-6C34-4FDD-9ADA-89A2CAC5E78F}
		{72824025-48A2-4FBA-9332-252CBE0565E1} = {E2EEE209-6C34-4FDD-9ADA-89A2CAC5E78F}
		{BD323209-10EE-44AA-A654-59AB29D32175} = {96CFAE24-08BF-4EEE-83B5-9E9AC186EE9E}
		{1EBCC0D6-A725-4468-8625-19443A34A449} = {0EA3132A-669C-4228-8684-3B98AE876BEF}
		{71423877-5760-466C-8E91-3EE0CE4DDA8D} = {F72F28DC-FD0C-4904-A174-5DAD48250E22}
		{D589B854-F2FA-404F-89A0-9D576DCEF599} = {0EA3132A-669C-4228-8684-3B98AE876BEF}
		{EE4B263E-F1A1-4E92-A4FA-64656813FB86} = {0EA3132A-669C-4228-8684-3B98AE876BEF}
		{2F1EBB5F-33DE-4C77-8F4A-96824AEF3795} = {D9FE4585-4E25-44EC-8DBA-DA90B012DC67}
		{5A9F8DF7-EBC7-4CBF-A295-6D7EC9C20EED} = {A26DA5FE-E41B-458F-AA90-EB0ADC43E39B}
		{5275AC3F-46BF-47B1-B0EC-9493D9E1B6AD} = {A6A2D4A1-12E4-467E-925C-720093EBFE26}
		{83327E85-6D9D-47CB-B415-63F596E03C7A} = {A6A2D4A1-12E4-467E-925C-720093EBFE26}
	EndGlobalSection
EndGlobal
