
Microsoft Visual Studio Solution File, Format Version 11.00
# Visual Studio 2010
Project("{FAE04EC0-301F-11D3-BF4B-00C04F79EFBC}") = "Waher.Networking.MQTT", "Waher.Networking.MQTT\Waher.Networking.MQTT.csproj", "{87219C0E-5FC0-41BA-9DD5-BAF5CA071A62}"
EndProject
Project("{FAE04EC0-301F-11D3-BF4B-00C04F79EFBC}") = "Waher.Networking.UPnP", "Waher.Networking.UPnP\Waher.Networking.UPnP.csproj", "{1A56BCF5-74AA-475C-8235-30783D7C4A76}"
EndProject
Project("{FAE04EC0-301F-11D3-BF4B-00C04F79EFBC}") = "Waher.Networking.PeerToPeer", "Waher.Networking.PeerToPeer\Waher.Networking.PeerToPeer.csproj", "{5DBE28DE-BB5D-476A-8F41-041503528FE1}"
EndProject
Project("{FAE04EC0-301F-11D3-BF4B-00C04F79EFBC}") = "Waher.Networking.XMPP", "Waher.Networking.XMPP\Waher.Networking.XMPP.csproj", "{40F992BF-DE42-43C4-A1FE-C2B84A6BA4BB}"
EndProject
Project("{FAE04EC0-301F-11D3-BF4B-00C04F79EFBC}") = "Waher.Networking.XMPP.Test", "Waher.Networking.XMPP.Test\Waher.Networking.XMPP.Test.csproj", "{B6FFF5EC-D208-48BB-9B53-99B7418F7D17}"
EndProject
Project("{FAE04EC0-301F-11D3-BF4B-00C04F79EFBC}") = "Waher.Networking", "Waher.Networking\Waher.Networking.csproj", "{297F40EF-37FA-4208-8DB4-C2971AF2B313}"
EndProject
Global
	GlobalSection(SolutionConfigurationPlatforms) = preSolution
		Debug|Any CPU = Debug|Any CPU
		Release|Any CPU = Release|Any CPU
	EndGlobalSection
	GlobalSection(ProjectConfigurationPlatforms) = postSolution
		{87219C0E-5FC0-41BA-9DD5-BAF5CA071A62}.Debug|Any CPU.ActiveCfg = Debug|Any CPU
		{87219C0E-5FC0-41BA-9DD5-BAF5CA071A62}.Debug|Any CPU.Build.0 = Debug|Any CPU
		{87219C0E-5FC0-41BA-9DD5-BAF5CA071A62}.Release|Any CPU.ActiveCfg = Release|Any CPU
		{87219C0E-5FC0-41BA-9DD5-BAF5CA071A62}.Release|Any CPU.Build.0 = Release|Any CPU
		{1A56BCF5-74AA-475C-8235-30783D7C4A76}.Debug|Any CPU.ActiveCfg = Debug|Any CPU
		{1A56BCF5-74AA-475C-8235-30783D7C4A76}.Debug|Any CPU.Build.0 = Debug|Any CPU
		{1A56BCF5-74AA-475C-8235-30783D7C4A76}.Release|Any CPU.ActiveCfg = Release|Any CPU
		{1A56BCF5-74AA-475C-8235-30783D7C4A76}.Release|Any CPU.Build.0 = Release|Any CPU
		{5DBE28DE-BB5D-476A-8F41-041503528FE1}.Debug|Any CPU.ActiveCfg = Debug|Any CPU
		{5DBE28DE-BB5D-476A-8F41-041503528FE1}.Debug|Any CPU.Build.0 = Debug|Any CPU
		{5DBE28DE-BB5D-476A-8F41-041503528FE1}.Release|Any CPU.ActiveCfg = Release|Any CPU
		{5DBE28DE-BB5D-476A-8F41-041503528FE1}.Release|Any CPU.Build.0 = Release|Any CPU
		{40F992BF-DE42-43C4-A1FE-C2B84A6BA4BB}.Debug|Any CPU.ActiveCfg = Debug|Any CPU
		{40F992BF-DE42-43C4-A1FE-C2B84A6BA4BB}.Debug|Any CPU.Build.0 = Debug|Any CPU
		{40F992BF-DE42-43C4-A1FE-C2B84A6BA4BB}.Release|Any CPU.ActiveCfg = Release|Any CPU
		{40F992BF-DE42-43C4-A1FE-C2B84A6BA4BB}.Release|Any CPU.Build.0 = Release|Any CPU
		{B6FFF5EC-D208-48BB-9B53-99B7418F7D17}.Debug|Any CPU.ActiveCfg = Debug|Any CPU
		{B6FFF5EC-D208-48BB-9B53-99B7418F7D17}.Debug|Any CPU.Build.0 = Debug|Any CPU
		{B6FFF5EC-D208-48BB-9B53-99B7418F7D17}.Release|Any CPU.ActiveCfg = Release|Any CPU
		{B6FFF5EC-D208-48BB-9B53-99B7418F7D17}.Release|Any CPU.Build.0 = Release|Any CPU
		{297F40EF-37FA-4208-8DB4-C2971AF2B313}.Debug|Any CPU.ActiveCfg = Debug|Any CPU
		{297F40EF-37FA-4208-8DB4-C2971AF2B313}.Debug|Any CPU.Build.0 = Debug|Any CPU
		{297F40EF-37FA-4208-8DB4-C2971AF2B313}.Release|Any CPU.ActiveCfg = Release|Any CPU
		{297F40EF-37FA-4208-8DB4-C2971AF2B313}.Release|Any CPU.Build.0 = Release|Any CPU
	EndGlobalSection
	GlobalSection(SolutionProperties) = preSolution
		HideSolutionNode = FALSE
	EndGlobalSection
EndGlobal
