
Microsoft Visual Studio Solution File, Format Version 12.00
# Visual Studio Version 16
VisualStudioVersion = 16.0.30320.27
MinimumVisualStudioVersion = 10.0.40219.1
Project("{2150E333-8FDC-42A3-9474-1A3956D46DE8}") = "Layout", "Layout", "{C69C8978-F070-44A4-A386-52A6C1847E6D}"
EndProject
Project("{9A19103F-16F7-4668-BE54-9A1E7A4F7556}") = "Waher.Layout.Layout2D", "Layout\Waher.Layout.Layout2D\Waher.Layout.Layout2D.csproj", "{4B4D2F2F-E46B-49F5-93C5-7E45BA6781A6}"
EndProject
Project("{2150E333-8FDC-42A3-9474-1A3956D46DE8}") = "Script", "Script", "{A967C23E-7EFD-4FDD-9237-97124136E43B}"
EndProject
Project("{2150E333-8FDC-42A3-9474-1A3956D46DE8}") = "Runtime", "Runtime", "{14CBB8AD-4570-46D3-8F43-BBB10F84171D}"
EndProject
Project("{9A19103F-16F7-4668-BE54-9A1E7A4F7556}") = "Waher.Runtime.Inventory", "Runtime\Waher.Runtime.Inventory\Waher.Runtime.Inventory.csproj", "{3BFA2935-9950-4B1E-AE72-ABB736E2315E}"
EndProject
Project("{9A19103F-16F7-4668-BE54-9A1E7A4F7556}") = "Waher.Script", "Script\Waher.Script\Waher.Script.csproj", "{70CDFEE5-A11A-4C9F-92EE-CBFC21831BF7}"
EndProject
Project("{2150E333-8FDC-42A3-9474-1A3956D46DE8}") = "Events", "Events", "{935E9D8C-0C15-43CC-BFC4-FE3FEF06090F}"
EndProject
Project("{9A19103F-16F7-4668-BE54-9A1E7A4F7556}") = "Waher.Events", "Events\Waher.Events\Waher.Events.csproj", "{86E6D8FE-CFD0-4E49-9A5E-54F5017EDE49}"
EndProject
Project("{2150E333-8FDC-42A3-9474-1A3956D46DE8}") = "Content", "Content", "{7F31982A-3145-49C2-B0BA-9BE3C7FDBA55}"
EndProject
Project("{9A19103F-16F7-4668-BE54-9A1E7A4F7556}") = "Waher.Content", "Content\Waher.Content\Waher.Content.csproj", "{479385D1-C85D-4AFB-AA2D-31187613C262}"
EndProject
Project("{9A19103F-16F7-4668-BE54-9A1E7A4F7556}") = "Waher.Layout.Layout2D.Test", "Layout\Waher.Layout.Layout2D.Test\Waher.Layout.Layout2D.Test.csproj", "{78FE3F8A-62BD-44E8-86F9-C78F7A222BB7}"
EndProject
Project("{9A19103F-16F7-4668-BE54-9A1E7A4F7556}") = "Waher.Content.Xml", "Content\Waher.Content.Xml\Waher.Content.Xml.csproj", "{8F03684E-03BD-4872-9B92-1D9845B763FF}"
EndProject
Project("{9A19103F-16F7-4668-BE54-9A1E7A4F7556}") = "Waher.Script.Graphs", "Script\Waher.Script.Graphs\Waher.Script.Graphs.csproj", "{E76D1952-F8DB-4AEA-A16B-66FE9B6DC4CD}"
EndProject
Project("{9A19103F-16F7-4668-BE54-9A1E7A4F7556}") = "Waher.Content.Images", "Content\Waher.Content.Images\Waher.Content.Images.csproj", "{F61A0414-EF22-4160-B799-E50F9D4E3AC6}"
EndProject
Global
	GlobalSection(SolutionConfigurationPlatforms) = preSolution
		Debug|Any CPU = Debug|Any CPU
		Release|Any CPU = Release|Any CPU
	EndGlobalSection
	GlobalSection(ProjectConfigurationPlatforms) = postSolution
		{4B4D2F2F-E46B-49F5-93C5-7E45BA6781A6}.Debug|Any CPU.ActiveCfg = Debug|Any CPU
		{4B4D2F2F-E46B-49F5-93C5-7E45BA6781A6}.Debug|Any CPU.Build.0 = Debug|Any CPU
		{4B4D2F2F-E46B-49F5-93C5-7E45BA6781A6}.Release|Any CPU.ActiveCfg = Release|Any CPU
		{4B4D2F2F-E46B-49F5-93C5-7E45BA6781A6}.Release|Any CPU.Build.0 = Release|Any CPU
		{3BFA2935-9950-4B1E-AE72-ABB736E2315E}.Debug|Any CPU.ActiveCfg = Debug|Any CPU
		{3BFA2935-9950-4B1E-AE72-ABB736E2315E}.Debug|Any CPU.Build.0 = Debug|Any CPU
		{3BFA2935-9950-4B1E-AE72-ABB736E2315E}.Release|Any CPU.ActiveCfg = Release|Any CPU
		{3BFA2935-9950-4B1E-AE72-ABB736E2315E}.Release|Any CPU.Build.0 = Release|Any CPU
		{70CDFEE5-A11A-4C9F-92EE-CBFC21831BF7}.Debug|Any CPU.ActiveCfg = Debug|Any CPU
		{70CDFEE5-A11A-4C9F-92EE-CBFC21831BF7}.Debug|Any CPU.Build.0 = Debug|Any CPU
		{70CDFEE5-A11A-4C9F-92EE-CBFC21831BF7}.Release|Any CPU.ActiveCfg = Release|Any CPU
		{70CDFEE5-A11A-4C9F-92EE-CBFC21831BF7}.Release|Any CPU.Build.0 = Release|Any CPU
		{86E6D8FE-CFD0-4E49-9A5E-54F5017EDE49}.Debug|Any CPU.ActiveCfg = Debug|Any CPU
		{86E6D8FE-CFD0-4E49-9A5E-54F5017EDE49}.Debug|Any CPU.Build.0 = Debug|Any CPU
		{86E6D8FE-CFD0-4E49-9A5E-54F5017EDE49}.Release|Any CPU.ActiveCfg = Release|Any CPU
		{86E6D8FE-CFD0-4E49-9A5E-54F5017EDE49}.Release|Any CPU.Build.0 = Release|Any CPU
		{479385D1-C85D-4AFB-AA2D-31187613C262}.Debug|Any CPU.ActiveCfg = Debug|Any CPU
		{479385D1-C85D-4AFB-AA2D-31187613C262}.Debug|Any CPU.Build.0 = Debug|Any CPU
		{479385D1-C85D-4AFB-AA2D-31187613C262}.Release|Any CPU.ActiveCfg = Release|Any CPU
		{479385D1-C85D-4AFB-AA2D-31187613C262}.Release|Any CPU.Build.0 = Release|Any CPU
		{78FE3F8A-62BD-44E8-86F9-C78F7A222BB7}.Debug|Any CPU.ActiveCfg = Debug|Any CPU
		{78FE3F8A-62BD-44E8-86F9-C78F7A222BB7}.Debug|Any CPU.Build.0 = Debug|Any CPU
		{78FE3F8A-62BD-44E8-86F9-C78F7A222BB7}.Release|Any CPU.ActiveCfg = Release|Any CPU
		{78FE3F8A-62BD-44E8-86F9-C78F7A222BB7}.Release|Any CPU.Build.0 = Release|Any CPU
		{8F03684E-03BD-4872-9B92-1D9845B763FF}.Debug|Any CPU.ActiveCfg = Debug|Any CPU
		{8F03684E-03BD-4872-9B92-1D9845B763FF}.Debug|Any CPU.Build.0 = Debug|Any CPU
		{8F03684E-03BD-4872-9B92-1D9845B763FF}.Release|Any CPU.ActiveCfg = Release|Any CPU
		{8F03684E-03BD-4872-9B92-1D9845B763FF}.Release|Any CPU.Build.0 = Release|Any CPU
		{E76D1952-F8DB-4AEA-A16B-66FE9B6DC4CD}.Debug|Any CPU.ActiveCfg = Debug|Any CPU
		{E76D1952-F8DB-4AEA-A16B-66FE9B6DC4CD}.Debug|Any CPU.Build.0 = Debug|Any CPU
		{E76D1952-F8DB-4AEA-A16B-66FE9B6DC4CD}.Release|Any CPU.ActiveCfg = Release|Any CPU
		{E76D1952-F8DB-4AEA-A16B-66FE9B6DC4CD}.Release|Any CPU.Build.0 = Release|Any CPU
		{F61A0414-EF22-4160-B799-E50F9D4E3AC6}.Debug|Any CPU.ActiveCfg = Debug|Any CPU
		{F61A0414-EF22-4160-B799-E50F9D4E3AC6}.Debug|Any CPU.Build.0 = Debug|Any CPU
		{F61A0414-EF22-4160-B799-E50F9D4E3AC6}.Release|Any CPU.ActiveCfg = Release|Any CPU
		{F61A0414-EF22-4160-B799-E50F9D4E3AC6}.Release|Any CPU.Build.0 = Release|Any CPU
	EndGlobalSection
	GlobalSection(SolutionProperties) = preSolution
		HideSolutionNode = FALSE
	EndGlobalSection
	GlobalSection(NestedProjects) = preSolution
		{4B4D2F2F-E46B-49F5-93C5-7E45BA6781A6} = {C69C8978-F070-44A4-A386-52A6C1847E6D}
		{3BFA2935-9950-4B1E-AE72-ABB736E2315E} = {14CBB8AD-4570-46D3-8F43-BBB10F84171D}
		{70CDFEE5-A11A-4C9F-92EE-CBFC21831BF7} = {A967C23E-7EFD-4FDD-9237-97124136E43B}
		{86E6D8FE-CFD0-4E49-9A5E-54F5017EDE49} = {935E9D8C-0C15-43CC-BFC4-FE3FEF06090F}
		{479385D1-C85D-4AFB-AA2D-31187613C262} = {7F31982A-3145-49C2-B0BA-9BE3C7FDBA55}
		{78FE3F8A-62BD-44E8-86F9-C78F7A222BB7} = {C69C8978-F070-44A4-A386-52A6C1847E6D}
		{8F03684E-03BD-4872-9B92-1D9845B763FF} = {7F31982A-3145-49C2-B0BA-9BE3C7FDBA55}
		{E76D1952-F8DB-4AEA-A16B-66FE9B6DC4CD} = {A967C23E-7EFD-4FDD-9237-97124136E43B}
		{F61A0414-EF22-4160-B799-E50F9D4E3AC6} = {7F31982A-3145-49C2-B0BA-9BE3C7FDBA55}
	EndGlobalSection
	GlobalSection(ExtensibilityGlobals) = postSolution
		SolutionGuid = {988B762C-FA18-43FC-83CC-19513C15A4EF}
	EndGlobalSection
EndGlobal
